// !$*UTF8*$!
{
	archiveVersion = 1;
	classes = {
	};
	objectVersion = 50;
	objects = {

/* Begin PBXBuildFile section */
		0F118D8F23FA5456000D1DB8 /* AssetsFiles.xcassets in Resources */ = {isa = PBXBuildFile; fileRef = 0F118D8E23FA5456000D1DB8 /* AssetsFiles.xcassets */; };
		0F118D9123FA5662000D1DB8 /* EditEvent.storyboard in Resources */ = {isa = PBXBuildFile; fileRef = 0F118D9023FA5662000D1DB8 /* EditEvent.storyboard */; };
		0F118D9423FA56C3000D1DB8 /* EditEventViewController.swift in Sources */ = {isa = PBXBuildFile; fileRef = 0F118D9323FA56C3000D1DB8 /* EditEventViewController.swift */; };
		0F118D9723FA71A0000D1DB8 /* SingleEventViewController.swift in Sources */ = {isa = PBXBuildFile; fileRef = 0F118D9623FA71A0000D1DB8 /* SingleEventViewController.swift */; };
		0F118D9923FA742D000D1DB8 /* EventView.storyboard in Resources */ = {isa = PBXBuildFile; fileRef = 0F118D9823FA742D000D1DB8 /* EventView.storyboard */; };
		0F19338223EEFFB2006ABFC3 /* DidactGothic-Regular.ttf in Resources */ = {isa = PBXBuildFile; fileRef = 0F19338123EEFF72006ABFC3 /* DidactGothic-Regular.ttf */; };
		0F19338323EEFFB5006ABFC3 /* ABeeZee-Regular.ttf in Resources */ = {isa = PBXBuildFile; fileRef = 0F19338023EEFF4F006ABFC3 /* ABeeZee-Regular.ttf */; };
		0F19338623EF04F7006ABFC3 /* 15230-illustration-animation.json in Resources */ = {isa = PBXBuildFile; fileRef = 0F19338523EF04F7006ABFC3 /* 15230-illustration-animation.json */; };
		0F19338823EF096E006ABFC3 /* AnimationController.swift in Sources */ = {isa = PBXBuildFile; fileRef = 0F19338723EF096E006ABFC3 /* AnimationController.swift */; };
		0F19338B23EF0D66006ABFC3 /* LoginUIExtention.swift in Sources */ = {isa = PBXBuildFile; fileRef = 0F19338A23EF0D66006ABFC3 /* LoginUIExtention.swift */; };
		0F19338E23EF14DF006ABFC3 /* UiButtonCustom.swift in Sources */ = {isa = PBXBuildFile; fileRef = 0F19338D23EF14DF006ABFC3 /* UiButtonCustom.swift */; };
		0F19339023EF18ED006ABFC3 /* UITextFieldExtention.swift in Sources */ = {isa = PBXBuildFile; fileRef = 0F19338F23EF18ED006ABFC3 /* UITextFieldExtention.swift */; };
		0F19339523EF1ADB006ABFC3 /* UiViewExtention.swift in Sources */ = {isa = PBXBuildFile; fileRef = 0F19339423EF1ADB006ABFC3 /* UiViewExtention.swift */; };
		0F19339823EF26C4006ABFC3 /* RegisterVC.swift in Sources */ = {isa = PBXBuildFile; fileRef = 0F19339723EF26C4006ABFC3 /* RegisterVC.swift */; };
		0F19339A23EF2A91006ABFC3 /* 9710-registration-of-animated-illustrations.json in Resources */ = {isa = PBXBuildFile; fileRef = 0F19339923EF2A90006ABFC3 /* 9710-registration-of-animated-illustrations.json */; };
		0F25A16323FD3A3F00A977B6 /* AlertView.swift in Sources */ = {isa = PBXBuildFile; fileRef = 0F25A16223FD3A3F00A977B6 /* AlertView.swift */; };
		0F25A16523FD3AE600A977B6 /* AlertView.xib in Resources */ = {isa = PBXBuildFile; fileRef = 0F25A16423FD3AE600A977B6 /* AlertView.xib */; };
		0F51717423F5BBD200FC9071 /* Home.storyboard in Resources */ = {isa = PBXBuildFile; fileRef = 0F51717323F5BBD200FC9071 /* Home.storyboard */; };
		0F51717623F5BFEF00FC9071 /* TabBarUIViewControllerExtention.swift in Sources */ = {isa = PBXBuildFile; fileRef = 0F51717523F5BFEF00FC9071 /* TabBarUIViewControllerExtention.swift */; };
		0F51717923F5C1B800FC9071 /* GuestureTabBar.swift in Sources */ = {isa = PBXBuildFile; fileRef = 0F51717823F5C1B800FC9071 /* GuestureTabBar.swift */; };
		0F51717B23F5C7FF00FC9071 /* EventPostViewController.swift in Sources */ = {isa = PBXBuildFile; fileRef = 0F51717A23F5C7FF00FC9071 /* EventPostViewController.swift */; };
		0F51717D23F5CAD800FC9071 /* CustomEventPostCellTableViewCell.swift in Sources */ = {isa = PBXBuildFile; fileRef = 0F51717C23F5CAD800FC9071 /* CustomEventPostCellTableViewCell.swift */; };
		0F62C36E23EC9C1800A6AC19 /* Auth.storyboard in Resources */ = {isa = PBXBuildFile; fileRef = 0F62C36D23EC9C1800A6AC19 /* Auth.storyboard */; };
		0F62C37523ED1C6B00A6AC19 /* Slide.swift in Sources */ = {isa = PBXBuildFile; fileRef = 0F62C37423ED1C6B00A6AC19 /* Slide.swift */; };
		0F62C37723ED1DB100A6AC19 /* Slide.xib in Resources */ = {isa = PBXBuildFile; fileRef = 0F62C37623ED1DB100A6AC19 /* Slide.xib */; };
		0F62C37B23ED31D800A6AC19 /* LoginVC.swift in Sources */ = {isa = PBXBuildFile; fileRef = 0F62C37A23ED31D800A6AC19 /* LoginVC.swift */; };
		0F62C37E23ED350400A6AC19 /* NonTransitionNavigator.swift in Sources */ = {isa = PBXBuildFile; fileRef = 0F62C37D23ED350400A6AC19 /* NonTransitionNavigator.swift */; };
		0F62C38123ED370600A6AC19 /* UtilsApp.swift in Sources */ = {isa = PBXBuildFile; fileRef = 0F62C38023ED370600A6AC19 /* UtilsApp.swift */; };
		0F62C38423ED482000A6AC19 /* GetSliderInfo.swift in Sources */ = {isa = PBXBuildFile; fileRef = 0F62C38323ED482000A6AC19 /* GetSliderInfo.swift */; };
		0F62C38723ED4C0F00A6AC19 /* SliderDataService.swift in Sources */ = {isa = PBXBuildFile; fileRef = 0F62C38623ED4C0F00A6AC19 /* SliderDataService.swift */; };
		0F71EDD223EC77E0007B450A /* ViewController.swift in Sources */ = {isa = PBXBuildFile; fileRef = 0F71EDD123EC77E0007B450A /* ViewController.swift */; };
		0F71EDD523EC77E0007B450A /* Main.storyboard in Resources */ = {isa = PBXBuildFile; fileRef = 0F71EDD323EC77E0007B450A /* Main.storyboard */; };
		0F71EDD823EC77E0007B450A /* eWent.xcdatamodeld in Sources */ = {isa = PBXBuildFile; fileRef = 0F71EDD623EC77E0007B450A /* eWent.xcdatamodeld */; };
		0F71EDDD23EC77E2007B450A /* LaunchScreen.storyboard in Resources */ = {isa = PBXBuildFile; fileRef = 0F71EDDB23EC77E2007B450A /* LaunchScreen.storyboard */; };
		0F896F2F23F6789800A57776 /* GoogleService-Info.plist in Resources */ = {isa = PBXBuildFile; fileRef = 0F896F2E23F6789800A57776 /* GoogleService-Info.plist */; };
		0F896F3123F682EC00A57776 /* Profile+ViewModel.swift in Sources */ = {isa = PBXBuildFile; fileRef = 0F896F3023F682EC00A57776 /* Profile+ViewModel.swift */; };
		0F896F3323F6831B00A57776 /* Profile.swift in Sources */ = {isa = PBXBuildFile; fileRef = 0F896F3223F6831B00A57776 /* Profile.swift */; };
		0F896F3523F683F700A57776 /* ProfileViewController.swift in Sources */ = {isa = PBXBuildFile; fileRef = 0F896F3423F683F700A57776 /* ProfileViewController.swift */; };
		0F896F3923F6875B00A57776 /* FirebaseDataClient.swift in Sources */ = {isa = PBXBuildFile; fileRef = 0F896F3823F6875B00A57776 /* FirebaseDataClient.swift */; };
		0F896F3B23F687EB00A57776 /* ProfileDataService.swift in Sources */ = {isa = PBXBuildFile; fileRef = 0F896F3A23F687EB00A57776 /* ProfileDataService.swift */; };
		0F896F3D23F915B800A57776 /* AddEvent.storyboard in Resources */ = {isa = PBXBuildFile; fileRef = 0F896F3C23F915B800A57776 /* AddEvent.storyboard */; };
		0F896F4023F9185500A57776 /* EventAddViewController.swift in Sources */ = {isa = PBXBuildFile; fileRef = 0F896F3F23F9185500A57776 /* EventAddViewController.swift */; };
		0F896F4223F91D1800A57776 /* Event+ViewModel.swift in Sources */ = {isa = PBXBuildFile; fileRef = 0F896F4123F91D1800A57776 /* Event+ViewModel.swift */; };
		0F896F4423F91D2A00A57776 /* Event.swift in Sources */ = {isa = PBXBuildFile; fileRef = 0F896F4323F91D2A00A57776 /* Event.swift */; };
		0F896F4623F91E9C00A57776 /* EventDataService.swift in Sources */ = {isa = PBXBuildFile; fileRef = 0F896F4523F91E9C00A57776 /* EventDataService.swift */; };
		0F896F4823F9292A00A57776 /* AlertDialog.swift in Sources */ = {isa = PBXBuildFile; fileRef = 0F896F4723F9292A00A57776 /* AlertDialog.swift */; };
		0F896F4A23F9847400A57776 /* User.swift in Sources */ = {isa = PBXBuildFile; fileRef = 0F896F4923F9847400A57776 /* User.swift */; };
		0F896F4C23F9850200A57776 /* Register+ViewModel.swift in Sources */ = {isa = PBXBuildFile; fileRef = 0F896F4B23F9850200A57776 /* Register+ViewModel.swift */; };
		0F896F4E23F9857D00A57776 /* AuthDataService.swift in Sources */ = {isa = PBXBuildFile; fileRef = 0F896F4D23F9857D00A57776 /* AuthDataService.swift */; };
		0F896F5023F991AA00A57776 /* Login+ViewModel.swift in Sources */ = {isa = PBXBuildFile; fileRef = 0F896F4F23F991AA00A57776 /* Login+ViewModel.swift */; };
		0F896F5223FA437600A57776 /* SettingsViewController.swift in Sources */ = {isa = PBXBuildFile; fileRef = 0F896F5123FA437600A57776 /* SettingsViewController.swift */; };
		0F8D039523F3E61800322010 /* 1397-animation-for-monobank.json in Resources */ = {isa = PBXBuildFile; fileRef = 0F8D039423F3E61800322010 /* 1397-animation-for-monobank.json */; };
		0F8D039823F3E65400322010 /* ForgotPasswordVC.swift in Sources */ = {isa = PBXBuildFile; fileRef = 0F8D039723F3E65400322010 /* ForgotPasswordVC.swift */; };
		0F8D039A23F3EC1700322010 /* 433-checked-done.json in Resources */ = {isa = PBXBuildFile; fileRef = 0F8D039923F3EC1700322010 /* 433-checked-done.json */; };
		0F8D039C23F3EC1E00322010 /* 14651-error-animation.json in Resources */ = {isa = PBXBuildFile; fileRef = 0F8D039B23F3EC1E00322010 /* 14651-error-animation.json */; };
		0F8D039E23F3F27B00322010 /* CircularTransition.swift in Sources */ = {isa = PBXBuildFile; fileRef = 0F8D039D23F3F27B00322010 /* CircularTransition.swift */; };
		0F91CA3F240B93A600B6E495 /* KeyboardListeners.swift in Sources */ = {isa = PBXBuildFile; fileRef = 0F91CA3E240B93A600B6E495 /* KeyboardListeners.swift */; };
		0F91CA41240B99A500B6E495 /* network-error.json in Resources */ = {isa = PBXBuildFile; fileRef = 0F91CA40240B99A400B6E495 /* network-error.json */; };
		0F91CA43240BE13800B6E495 /* CommentCell.swift in Sources */ = {isa = PBXBuildFile; fileRef = 0F91CA42240BE13800B6E495 /* CommentCell.swift */; };
		0F91CA45240BE40300B6E495 /* Comment.swift in Sources */ = {isa = PBXBuildFile; fileRef = 0F91CA44240BE40300B6E495 /* Comment.swift */; };
		0F91CA47240BE45C00B6E495 /* CommentViewModel.swift in Sources */ = {isa = PBXBuildFile; fileRef = 0F91CA46240BE45C00B6E495 /* CommentViewModel.swift */; };
		0F91CA49240BED7F00B6E495 /* VideoViewcontroller.swift in Sources */ = {isa = PBXBuildFile; fileRef = 0F91CA48240BED7F00B6E495 /* VideoViewcontroller.swift */; };
		0F91CA4B240BEE9A00B6E495 /* VideoViewCell.swift in Sources */ = {isa = PBXBuildFile; fileRef = 0F91CA4A240BEE9A00B6E495 /* VideoViewCell.swift */; };
		0F91CA4E240C162200B6E495 /* LoginTest.swift in Sources */ = {isa = PBXBuildFile; fileRef = 0F91CA4D240C162200B6E495 /* LoginTest.swift */; };
		0F91CA50240C1F7B00B6E495 /* RegisterTest.swift in Sources */ = {isa = PBXBuildFile; fileRef = 0F91CA4F240C1F7B00B6E495 /* RegisterTest.swift */; };
		0F91CA52240C223500B6E495 /* EventTest.swift in Sources */ = {isa = PBXBuildFile; fileRef = 0F91CA51240C223500B6E495 /* EventTest.swift */; };
		0F91CA54240C2B2000B6E495 /* LoginUITest.swift in Sources */ = {isa = PBXBuildFile; fileRef = 0F91CA53240C2B1F00B6E495 /* LoginUITest.swift */; };
		0F91CA56240C32B900B6E495 /* AddEventUITest.swift in Sources */ = {isa = PBXBuildFile; fileRef = 0F91CA55240C32B900B6E495 /* AddEventUITest.swift */; };
		0F985A152409248F008E7C60 /* FirebaseStorageService.swift in Sources */ = {isa = PBXBuildFile; fileRef = 0F985A142409248F008E7C60 /* FirebaseStorageService.swift */; };
		0F985A1A24092D90008E7C60 /* Profile.storyboard in Resources */ = {isa = PBXBuildFile; fileRef = 0F985A1924092D90008E7C60 /* Profile.storyboard */; };
		0F985A1C240947A2008E7C60 /* ProfileProtocolHandler.swift in Sources */ = {isa = PBXBuildFile; fileRef = 0F985A1B240947A2008E7C60 /* ProfileProtocolHandler.swift */; };
		0F985A1E240964B4008E7C60 /* ProfileViewTableView.swift in Sources */ = {isa = PBXBuildFile; fileRef = 0F985A1D240964B4008E7C60 /* ProfileViewTableView.swift */; };
		0F985A20240964DF008E7C60 /* TableView.swift in Sources */ = {isa = PBXBuildFile; fileRef = 0F985A1F240964DF008E7C60 /* TableView.swift */; };
		0F985A28240A94B6008E7C60 /* AuthViewModel.swift in Sources */ = {isa = PBXBuildFile; fileRef = 0F985A27240A94B6008E7C60 /* AuthViewModel.swift */; };
		0F985A2A240AD8C8008E7C60 /* Validators.swift in Sources */ = {isa = PBXBuildFile; fileRef = 0F985A29240AD8C8008E7C60 /* Validators.swift */; };
		0F9D705B23EDC46A005722DF /* AppDelegate.swift in Sources */ = {isa = PBXBuildFile; fileRef = 0F71EDCF23EC77E0007B450A /* AppDelegate.swift */; };
		0F9D705C23EDC46D005722DF /* eWentTests.swift in Sources */ = {isa = PBXBuildFile; fileRef = 0F71EDE723EC77E2007B450A /* eWentTests.swift */; };
		0F9D705D23EDC470005722DF /* eWentUITests.swift in Sources */ = {isa = PBXBuildFile; fileRef = 0F71EDF223EC77E2007B450A /* eWentUITests.swift */; };
		0FA4D72A240B08B900C786E5 /* MapLocation.swift in Sources */ = {isa = PBXBuildFile; fileRef = 0FA4D729240B08B900C786E5 /* MapLocation.swift */; };
		0FA4D72C240B098700C786E5 /* ViewProtocolHandler.swift in Sources */ = {isa = PBXBuildFile; fileRef = 0FA4D72B240B098700C786E5 /* ViewProtocolHandler.swift */; };
		0FA4D72E240B5CD100C786E5 /* ForgotPasswordProtocol.swift in Sources */ = {isa = PBXBuildFile; fileRef = 0FA4D72D240B5CD100C786E5 /* ForgotPasswordProtocol.swift */; };
		0FA4D730240B688000C786E5 /* NetworkReachability.swift in Sources */ = {isa = PBXBuildFile; fileRef = 0FA4D72F240B688000C786E5 /* NetworkReachability.swift */; };
		0FA4D732240B6B1000C786E5 /* NetworkError.storyboard in Resources */ = {isa = PBXBuildFile; fileRef = 0FA4D731240B6B1000C786E5 /* NetworkError.storyboard */; };
		0FA4D735240B6B6400C786E5 /* OfflineViewController.swift in Sources */ = {isa = PBXBuildFile; fileRef = 0FA4D734240B6B6400C786E5 /* OfflineViewController.swift */; };
		0FDDD0AF2406202400BA4863 /* EventProtocolHandler.swift in Sources */ = {isa = PBXBuildFile; fileRef = 0FDDD0AE2406202400BA4863 /* EventProtocolHandler.swift */; };
		0FDDD0B1240621F600BA4863 /* AlertViews.swift in Sources */ = {isa = PBXBuildFile; fileRef = 0FDDD0B0240621F600BA4863 /* AlertViews.swift */; };
		0FDDD0B3240657A500BA4863 /* RegisterProtocolHandler.swift in Sources */ = {isa = PBXBuildFile; fileRef = 0FDDD0B2240657A500BA4863 /* RegisterProtocolHandler.swift */; };
		0FDDD0B524065F0100BA4863 /* LoginProtocolHandler.swift in Sources */ = {isa = PBXBuildFile; fileRef = 0FDDD0B424065F0100BA4863 /* LoginProtocolHandler.swift */; };
		0FE3F1FB23FB05D80050C27D /* UserDefault+Extension.swift in Sources */ = {isa = PBXBuildFile; fileRef = 0FE3F1FA23FB05D80050C27D /* UserDefault+Extension.swift */; };
		839996FEC39A872CD6040070 /* Pods_shashilaheshanCOBSCCOMP182P029eWent_shashilaheshanCOBSCCOMP182P029eWentUITests.framework in Frameworks */ = {isa = PBXBuildFile; fileRef = 28649D2FB312ACD2F40A14D8 /* Pods_shashilaheshanCOBSCCOMP182P029eWent_shashilaheshanCOBSCCOMP182P029eWentUITests.framework */; };
		C464716D25C71162A2FD653A /* Pods_shashilaheshanCOBSCCOMP182P029eWent.framework in Frameworks */ = {isa = PBXBuildFile; fileRef = FAD5479E6BEB297C098E5517 /* Pods_shashilaheshanCOBSCCOMP182P029eWent.framework */; };
		CADF5534B81299FA94CEE637 /* Pods_shashilaheshanCOBSCCOMP182P029eWentTests.framework in Frameworks */ = {isa = PBXBuildFile; fileRef = FF4ABAA1B8E068C6CC8CBEE3 /* Pods_shashilaheshanCOBSCCOMP182P029eWentTests.framework */; };
		D173103799F0EBFA470947D6 /* Pods_shashilaheshanCOBSCCOMP182P029eWentUITests.framework in Frameworks */ = {isa = PBXBuildFile; fileRef = 3394FD64A5B51209F760EE57 /* Pods_shashilaheshanCOBSCCOMP182P029eWentUITests.framework */; };
/* End PBXBuildFile section */

/* Begin PBXContainerItemProxy section */
		0F71EDE423EC77E2007B450A /* PBXContainerItemProxy */ = {
			isa = PBXContainerItemProxy;
			containerPortal = 0F71EDC423EC77E0007B450A /* Project object */;
			proxyType = 1;
			remoteGlobalIDString = 0F71EDCB23EC77E0007B450A;
			remoteInfo = eWent;
		};
		0F71EDEF23EC77E2007B450A /* PBXContainerItemProxy */ = {
			isa = PBXContainerItemProxy;
			containerPortal = 0F71EDC423EC77E0007B450A /* Project object */;
			proxyType = 1;
			remoteGlobalIDString = 0F71EDCB23EC77E0007B450A;
			remoteInfo = eWent;
		};
/* End PBXContainerItemProxy section */

/* Begin PBXFileReference section */
		064987E07D60B0A14C1EF259 /* Pods-shashilaheshanCOBSCCOMP182P029eWentTests.debug.xcconfig */ = {isa = PBXFileReference; includeInIndex = 1; lastKnownFileType = text.xcconfig; name = "Pods-shashilaheshanCOBSCCOMP182P029eWentTests.debug.xcconfig"; path = "Target Support Files/Pods-shashilaheshanCOBSCCOMP182P029eWentTests/Pods-shashilaheshanCOBSCCOMP182P029eWentTests.debug.xcconfig"; sourceTree = "<group>"; };
		0F118D8E23FA5456000D1DB8 /* AssetsFiles.xcassets */ = {isa = PBXFileReference; lastKnownFileType = folder.assetcatalog; path = AssetsFiles.xcassets; sourceTree = "<group>"; };
		0F118D9023FA5662000D1DB8 /* EditEvent.storyboard */ = {isa = PBXFileReference; lastKnownFileType = file.storyboard; path = EditEvent.storyboard; sourceTree = "<group>"; };
		0F118D9323FA56C3000D1DB8 /* EditEventViewController.swift */ = {isa = PBXFileReference; lastKnownFileType = sourcecode.swift; path = EditEventViewController.swift; sourceTree = "<group>"; };
		0F118D9623FA71A0000D1DB8 /* SingleEventViewController.swift */ = {isa = PBXFileReference; lastKnownFileType = sourcecode.swift; path = SingleEventViewController.swift; sourceTree = "<group>"; };
		0F118D9823FA742D000D1DB8 /* EventView.storyboard */ = {isa = PBXFileReference; fileEncoding = 4; lastKnownFileType = file.storyboard; path = EventView.storyboard; sourceTree = "<group>"; };
		0F19338023EEFF4F006ABFC3 /* ABeeZee-Regular.ttf */ = {isa = PBXFileReference; lastKnownFileType = file; path = "ABeeZee-Regular.ttf"; sourceTree = "<group>"; };
		0F19338123EEFF72006ABFC3 /* DidactGothic-Regular.ttf */ = {isa = PBXFileReference; lastKnownFileType = file; path = "DidactGothic-Regular.ttf"; sourceTree = "<group>"; };
		0F19338523EF04F7006ABFC3 /* 15230-illustration-animation.json */ = {isa = PBXFileReference; fileEncoding = 4; lastKnownFileType = text.json; path = "15230-illustration-animation.json"; sourceTree = "<group>"; };
		0F19338723EF096E006ABFC3 /* AnimationController.swift */ = {isa = PBXFileReference; lastKnownFileType = sourcecode.swift; path = AnimationController.swift; sourceTree = "<group>"; };
		0F19338A23EF0D66006ABFC3 /* LoginUIExtention.swift */ = {isa = PBXFileReference; lastKnownFileType = sourcecode.swift; path = LoginUIExtention.swift; sourceTree = "<group>"; };
		0F19338D23EF14DF006ABFC3 /* UiButtonCustom.swift */ = {isa = PBXFileReference; lastKnownFileType = sourcecode.swift; path = UiButtonCustom.swift; sourceTree = "<group>"; };
		0F19338F23EF18ED006ABFC3 /* UITextFieldExtention.swift */ = {isa = PBXFileReference; lastKnownFileType = sourcecode.swift; path = UITextFieldExtention.swift; sourceTree = "<group>"; };
		0F19339423EF1ADB006ABFC3 /* UiViewExtention.swift */ = {isa = PBXFileReference; lastKnownFileType = sourcecode.swift; path = UiViewExtention.swift; sourceTree = "<group>"; };
		0F19339723EF26C4006ABFC3 /* RegisterVC.swift */ = {isa = PBXFileReference; lastKnownFileType = sourcecode.swift; path = RegisterVC.swift; sourceTree = "<group>"; };
		0F19339923EF2A90006ABFC3 /* 9710-registration-of-animated-illustrations.json */ = {isa = PBXFileReference; fileEncoding = 4; lastKnownFileType = text.json; path = "9710-registration-of-animated-illustrations.json"; sourceTree = "<group>"; };
		0F25A16223FD3A3F00A977B6 /* AlertView.swift */ = {isa = PBXFileReference; lastKnownFileType = sourcecode.swift; path = AlertView.swift; sourceTree = "<group>"; };
		0F25A16423FD3AE600A977B6 /* AlertView.xib */ = {isa = PBXFileReference; fileEncoding = 4; lastKnownFileType = file.xib; path = AlertView.xib; sourceTree = "<group>"; };
		0F51717323F5BBD200FC9071 /* Home.storyboard */ = {isa = PBXFileReference; lastKnownFileType = file.storyboard; path = Home.storyboard; sourceTree = "<group>"; };
		0F51717523F5BFEF00FC9071 /* TabBarUIViewControllerExtention.swift */ = {isa = PBXFileReference; lastKnownFileType = sourcecode.swift; path = TabBarUIViewControllerExtention.swift; sourceTree = "<group>"; };
		0F51717823F5C1B800FC9071 /* GuestureTabBar.swift */ = {isa = PBXFileReference; lastKnownFileType = sourcecode.swift; path = GuestureTabBar.swift; sourceTree = "<group>"; };
		0F51717A23F5C7FF00FC9071 /* EventPostViewController.swift */ = {isa = PBXFileReference; lastKnownFileType = sourcecode.swift; path = EventPostViewController.swift; sourceTree = "<group>"; };
		0F51717C23F5CAD800FC9071 /* CustomEventPostCellTableViewCell.swift */ = {isa = PBXFileReference; lastKnownFileType = sourcecode.swift; path = CustomEventPostCellTableViewCell.swift; sourceTree = "<group>"; };
		0F62C36D23EC9C1800A6AC19 /* Auth.storyboard */ = {isa = PBXFileReference; lastKnownFileType = file.storyboard; path = Auth.storyboard; sourceTree = "<group>"; };
		0F62C37423ED1C6B00A6AC19 /* Slide.swift */ = {isa = PBXFileReference; lastKnownFileType = sourcecode.swift; path = Slide.swift; sourceTree = "<group>"; };
		0F62C37623ED1DB100A6AC19 /* Slide.xib */ = {isa = PBXFileReference; lastKnownFileType = file.xib; path = Slide.xib; sourceTree = "<group>"; };
		0F62C37A23ED31D800A6AC19 /* LoginVC.swift */ = {isa = PBXFileReference; lastKnownFileType = sourcecode.swift; path = LoginVC.swift; sourceTree = "<group>"; };
		0F62C37D23ED350400A6AC19 /* NonTransitionNavigator.swift */ = {isa = PBXFileReference; lastKnownFileType = sourcecode.swift; path = NonTransitionNavigator.swift; sourceTree = "<group>"; };
		0F62C38023ED370600A6AC19 /* UtilsApp.swift */ = {isa = PBXFileReference; lastKnownFileType = sourcecode.swift; path = UtilsApp.swift; sourceTree = "<group>"; };
		0F62C38323ED482000A6AC19 /* GetSliderInfo.swift */ = {isa = PBXFileReference; lastKnownFileType = sourcecode.swift; path = GetSliderInfo.swift; sourceTree = "<group>"; };
		0F62C38623ED4C0F00A6AC19 /* SliderDataService.swift */ = {isa = PBXFileReference; lastKnownFileType = sourcecode.swift; path = SliderDataService.swift; sourceTree = "<group>"; };
		0F71EDCC23EC77E0007B450A /* shashilaheshanCOBSCCOMP182P029eWent.app */ = {isa = PBXFileReference; explicitFileType = wrapper.application; includeInIndex = 0; path = shashilaheshanCOBSCCOMP182P029eWent.app; sourceTree = BUILT_PRODUCTS_DIR; };
		0F71EDCF23EC77E0007B450A /* AppDelegate.swift */ = {isa = PBXFileReference; lastKnownFileType = sourcecode.swift; path = AppDelegate.swift; sourceTree = "<group>"; };
		0F71EDD123EC77E0007B450A /* ViewController.swift */ = {isa = PBXFileReference; lastKnownFileType = sourcecode.swift; path = ViewController.swift; sourceTree = "<group>"; };
		0F71EDD423EC77E0007B450A /* Base */ = {isa = PBXFileReference; lastKnownFileType = file.storyboard; name = Base; path = Base.lproj/Main.storyboard; sourceTree = "<group>"; };
		0F71EDD723EC77E0007B450A /* eWent.xcdatamodel */ = {isa = PBXFileReference; lastKnownFileType = wrapper.xcdatamodel; path = eWent.xcdatamodel; sourceTree = "<group>"; };
		0F71EDDC23EC77E2007B450A /* Base */ = {isa = PBXFileReference; lastKnownFileType = file.storyboard; name = Base; path = Base.lproj/LaunchScreen.storyboard; sourceTree = "<group>"; };
		0F71EDDE23EC77E2007B450A /* Info.plist */ = {isa = PBXFileReference; lastKnownFileType = text.plist.xml; path = Info.plist; sourceTree = "<group>"; };
		0F71EDE323EC77E2007B450A /* shashilaheshanCOBSCCOMP182P029eWentTests.xctest */ = {isa = PBXFileReference; explicitFileType = wrapper.cfbundle; includeInIndex = 0; path = shashilaheshanCOBSCCOMP182P029eWentTests.xctest; sourceTree = BUILT_PRODUCTS_DIR; };
		0F71EDE723EC77E2007B450A /* eWentTests.swift */ = {isa = PBXFileReference; lastKnownFileType = sourcecode.swift; path = eWentTests.swift; sourceTree = "<group>"; };
		0F71EDE923EC77E2007B450A /* Info.plist */ = {isa = PBXFileReference; lastKnownFileType = text.plist.xml; path = Info.plist; sourceTree = "<group>"; };
		0F71EDEE23EC77E2007B450A /* shashilaheshanCOBSCCOMP182P029eWentUITests.xctest */ = {isa = PBXFileReference; explicitFileType = wrapper.cfbundle; includeInIndex = 0; path = shashilaheshanCOBSCCOMP182P029eWentUITests.xctest; sourceTree = BUILT_PRODUCTS_DIR; };
		0F71EDF223EC77E2007B450A /* eWentUITests.swift */ = {isa = PBXFileReference; lastKnownFileType = sourcecode.swift; path = eWentUITests.swift; sourceTree = "<group>"; };
		0F71EDF423EC77E2007B450A /* Info.plist */ = {isa = PBXFileReference; lastKnownFileType = text.plist.xml; path = Info.plist; sourceTree = "<group>"; };
		0F896F2E23F6789800A57776 /* GoogleService-Info.plist */ = {isa = PBXFileReference; fileEncoding = 4; lastKnownFileType = text.plist.xml; path = "GoogleService-Info.plist"; sourceTree = "<group>"; };
		0F896F3023F682EC00A57776 /* Profile+ViewModel.swift */ = {isa = PBXFileReference; lastKnownFileType = sourcecode.swift; path = "Profile+ViewModel.swift"; sourceTree = "<group>"; };
		0F896F3223F6831B00A57776 /* Profile.swift */ = {isa = PBXFileReference; lastKnownFileType = sourcecode.swift; path = Profile.swift; sourceTree = "<group>"; };
		0F896F3423F683F700A57776 /* ProfileViewController.swift */ = {isa = PBXFileReference; lastKnownFileType = sourcecode.swift; path = ProfileViewController.swift; sourceTree = "<group>"; };
		0F896F3823F6875B00A57776 /* FirebaseDataClient.swift */ = {isa = PBXFileReference; lastKnownFileType = sourcecode.swift; path = FirebaseDataClient.swift; sourceTree = "<group>"; };
		0F896F3A23F687EB00A57776 /* ProfileDataService.swift */ = {isa = PBXFileReference; lastKnownFileType = sourcecode.swift; path = ProfileDataService.swift; sourceTree = "<group>"; };
		0F896F3C23F915B800A57776 /* AddEvent.storyboard */ = {isa = PBXFileReference; lastKnownFileType = file.storyboard; path = AddEvent.storyboard; sourceTree = "<group>"; };
		0F896F3F23F9185500A57776 /* EventAddViewController.swift */ = {isa = PBXFileReference; lastKnownFileType = sourcecode.swift; path = EventAddViewController.swift; sourceTree = "<group>"; };
		0F896F4123F91D1800A57776 /* Event+ViewModel.swift */ = {isa = PBXFileReference; lastKnownFileType = sourcecode.swift; path = "Event+ViewModel.swift"; sourceTree = "<group>"; };
		0F896F4323F91D2A00A57776 /* Event.swift */ = {isa = PBXFileReference; lastKnownFileType = sourcecode.swift; path = Event.swift; sourceTree = "<group>"; };
		0F896F4523F91E9C00A57776 /* EventDataService.swift */ = {isa = PBXFileReference; lastKnownFileType = sourcecode.swift; path = EventDataService.swift; sourceTree = "<group>"; };
		0F896F4723F9292A00A57776 /* AlertDialog.swift */ = {isa = PBXFileReference; lastKnownFileType = sourcecode.swift; path = AlertDialog.swift; sourceTree = "<group>"; };
		0F896F4923F9847400A57776 /* User.swift */ = {isa = PBXFileReference; lastKnownFileType = sourcecode.swift; path = User.swift; sourceTree = "<group>"; };
		0F896F4B23F9850200A57776 /* Register+ViewModel.swift */ = {isa = PBXFileReference; lastKnownFileType = sourcecode.swift; path = "Register+ViewModel.swift"; sourceTree = "<group>"; };
		0F896F4D23F9857D00A57776 /* AuthDataService.swift */ = {isa = PBXFileReference; lastKnownFileType = sourcecode.swift; path = AuthDataService.swift; sourceTree = "<group>"; };
		0F896F4F23F991AA00A57776 /* Login+ViewModel.swift */ = {isa = PBXFileReference; lastKnownFileType = sourcecode.swift; path = "Login+ViewModel.swift"; sourceTree = "<group>"; };
		0F896F5123FA437600A57776 /* SettingsViewController.swift */ = {isa = PBXFileReference; lastKnownFileType = sourcecode.swift; path = SettingsViewController.swift; sourceTree = "<group>"; };
		0F8D039423F3E61800322010 /* 1397-animation-for-monobank.json */ = {isa = PBXFileReference; fileEncoding = 4; lastKnownFileType = text.json; path = "1397-animation-for-monobank.json"; sourceTree = "<group>"; };
		0F8D039723F3E65400322010 /* ForgotPasswordVC.swift */ = {isa = PBXFileReference; lastKnownFileType = sourcecode.swift; path = ForgotPasswordVC.swift; sourceTree = "<group>"; };
		0F8D039923F3EC1700322010 /* 433-checked-done.json */ = {isa = PBXFileReference; fileEncoding = 4; lastKnownFileType = text.json; path = "433-checked-done.json"; sourceTree = "<group>"; };
		0F8D039B23F3EC1E00322010 /* 14651-error-animation.json */ = {isa = PBXFileReference; fileEncoding = 4; lastKnownFileType = text.json; path = "14651-error-animation.json"; sourceTree = "<group>"; };
		0F8D039D23F3F27B00322010 /* CircularTransition.swift */ = {isa = PBXFileReference; lastKnownFileType = sourcecode.swift; path = CircularTransition.swift; sourceTree = "<group>"; };
		0F91CA3E240B93A600B6E495 /* KeyboardListeners.swift */ = {isa = PBXFileReference; lastKnownFileType = sourcecode.swift; path = KeyboardListeners.swift; sourceTree = "<group>"; };
		0F91CA40240B99A400B6E495 /* network-error.json */ = {isa = PBXFileReference; fileEncoding = 4; lastKnownFileType = text.json; path = "network-error.json"; sourceTree = "<group>"; };
		0F91CA42240BE13800B6E495 /* CommentCell.swift */ = {isa = PBXFileReference; lastKnownFileType = sourcecode.swift; path = CommentCell.swift; sourceTree = "<group>"; };
		0F91CA44240BE40300B6E495 /* Comment.swift */ = {isa = PBXFileReference; lastKnownFileType = sourcecode.swift; path = Comment.swift; sourceTree = "<group>"; };
		0F91CA46240BE45C00B6E495 /* CommentViewModel.swift */ = {isa = PBXFileReference; lastKnownFileType = sourcecode.swift; path = CommentViewModel.swift; sourceTree = "<group>"; };
		0F91CA48240BED7F00B6E495 /* VideoViewcontroller.swift */ = {isa = PBXFileReference; lastKnownFileType = sourcecode.swift; path = VideoViewcontroller.swift; sourceTree = "<group>"; };
		0F91CA4A240BEE9A00B6E495 /* VideoViewCell.swift */ = {isa = PBXFileReference; lastKnownFileType = sourcecode.swift; path = VideoViewCell.swift; sourceTree = "<group>"; };
		0F91CA4C240BF34400B6E495 /* video.mp4 */ = {isa = PBXFileReference; lastKnownFileType = file; path = video.mp4; sourceTree = "<group>"; };
		0F91CA4D240C162200B6E495 /* LoginTest.swift */ = {isa = PBXFileReference; lastKnownFileType = sourcecode.swift; path = LoginTest.swift; sourceTree = "<group>"; };
		0F91CA4F240C1F7B00B6E495 /* RegisterTest.swift */ = {isa = PBXFileReference; lastKnownFileType = sourcecode.swift; path = RegisterTest.swift; sourceTree = "<group>"; };
		0F91CA51240C223500B6E495 /* EventTest.swift */ = {isa = PBXFileReference; lastKnownFileType = sourcecode.swift; path = EventTest.swift; sourceTree = "<group>"; };
		0F91CA53240C2B1F00B6E495 /* LoginUITest.swift */ = {isa = PBXFileReference; lastKnownFileType = sourcecode.swift; path = LoginUITest.swift; sourceTree = "<group>"; };
		0F91CA55240C32B900B6E495 /* AddEventUITest.swift */ = {isa = PBXFileReference; lastKnownFileType = sourcecode.swift; path = AddEventUITest.swift; sourceTree = "<group>"; };
		0F985A142409248F008E7C60 /* FirebaseStorageService.swift */ = {isa = PBXFileReference; lastKnownFileType = sourcecode.swift; path = FirebaseStorageService.swift; sourceTree = "<group>"; };
		0F985A1924092D90008E7C60 /* Profile.storyboard */ = {isa = PBXFileReference; lastKnownFileType = file.storyboard; path = Profile.storyboard; sourceTree = "<group>"; };
		0F985A1B240947A2008E7C60 /* ProfileProtocolHandler.swift */ = {isa = PBXFileReference; lastKnownFileType = sourcecode.swift; path = ProfileProtocolHandler.swift; sourceTree = "<group>"; };
		0F985A1D240964B4008E7C60 /* ProfileViewTableView.swift */ = {isa = PBXFileReference; lastKnownFileType = sourcecode.swift; path = ProfileViewTableView.swift; sourceTree = "<group>"; };
		0F985A1F240964DF008E7C60 /* TableView.swift */ = {isa = PBXFileReference; lastKnownFileType = sourcecode.swift; path = TableView.swift; sourceTree = "<group>"; };
		0F985A27240A94B6008E7C60 /* AuthViewModel.swift */ = {isa = PBXFileReference; lastKnownFileType = sourcecode.swift; path = AuthViewModel.swift; sourceTree = "<group>"; };
		0F985A29240AD8C8008E7C60 /* Validators.swift */ = {isa = PBXFileReference; lastKnownFileType = sourcecode.swift; path = Validators.swift; sourceTree = "<group>"; };
		0FA4D729240B08B900C786E5 /* MapLocation.swift */ = {isa = PBXFileReference; lastKnownFileType = sourcecode.swift; path = MapLocation.swift; sourceTree = "<group>"; };
		0FA4D72B240B098700C786E5 /* ViewProtocolHandler.swift */ = {isa = PBXFileReference; lastKnownFileType = sourcecode.swift; path = ViewProtocolHandler.swift; sourceTree = "<group>"; };
		0FA4D72D240B5CD100C786E5 /* ForgotPasswordProtocol.swift */ = {isa = PBXFileReference; lastKnownFileType = sourcecode.swift; path = ForgotPasswordProtocol.swift; sourceTree = "<group>"; };
		0FA4D72F240B688000C786E5 /* NetworkReachability.swift */ = {isa = PBXFileReference; lastKnownFileType = sourcecode.swift; path = NetworkReachability.swift; sourceTree = "<group>"; };
		0FA4D731240B6B1000C786E5 /* NetworkError.storyboard */ = {isa = PBXFileReference; lastKnownFileType = file.storyboard; path = NetworkError.storyboard; sourceTree = "<group>"; };
		0FA4D734240B6B6400C786E5 /* OfflineViewController.swift */ = {isa = PBXFileReference; lastKnownFileType = sourcecode.swift; path = OfflineViewController.swift; sourceTree = "<group>"; };
		0FDDD0AE2406202400BA4863 /* EventProtocolHandler.swift */ = {isa = PBXFileReference; lastKnownFileType = sourcecode.swift; path = EventProtocolHandler.swift; sourceTree = "<group>"; };
		0FDDD0B0240621F600BA4863 /* AlertViews.swift */ = {isa = PBXFileReference; lastKnownFileType = sourcecode.swift; path = AlertViews.swift; sourceTree = "<group>"; };
		0FDDD0B2240657A500BA4863 /* RegisterProtocolHandler.swift */ = {isa = PBXFileReference; lastKnownFileType = sourcecode.swift; path = RegisterProtocolHandler.swift; sourceTree = "<group>"; };
		0FDDD0B424065F0100BA4863 /* LoginProtocolHandler.swift */ = {isa = PBXFileReference; lastKnownFileType = sourcecode.swift; path = LoginProtocolHandler.swift; sourceTree = "<group>"; };
		0FE3F1FA23FB05D80050C27D /* UserDefault+Extension.swift */ = {isa = PBXFileReference; lastKnownFileType = sourcecode.swift; path = "UserDefault+Extension.swift"; sourceTree = "<group>"; };
		239CBC5B56A6B8ABFCDB6514 /* Pods-shashilaheshanCOBSCCOMP182P029eWent.release.xcconfig */ = {isa = PBXFileReference; includeInIndex = 1; lastKnownFileType = text.xcconfig; name = "Pods-shashilaheshanCOBSCCOMP182P029eWent.release.xcconfig"; path = "Target Support Files/Pods-shashilaheshanCOBSCCOMP182P029eWent/Pods-shashilaheshanCOBSCCOMP182P029eWent.release.xcconfig"; sourceTree = "<group>"; };
		28649D2FB312ACD2F40A14D8 /* Pods_shashilaheshanCOBSCCOMP182P029eWent_shashilaheshanCOBSCCOMP182P029eWentUITests.framework */ = {isa = PBXFileReference; explicitFileType = wrapper.framework; includeInIndex = 0; path = Pods_shashilaheshanCOBSCCOMP182P029eWent_shashilaheshanCOBSCCOMP182P029eWentUITests.framework; sourceTree = BUILT_PRODUCTS_DIR; };
		2DC47E4DC74D2F1715F14692 /* Pods-shashilaheshanCOBSCCOMP182P029eWentUITests.debug.xcconfig */ = {isa = PBXFileReference; includeInIndex = 1; lastKnownFileType = text.xcconfig; name = "Pods-shashilaheshanCOBSCCOMP182P029eWentUITests.debug.xcconfig"; path = "Target Support Files/Pods-shashilaheshanCOBSCCOMP182P029eWentUITests/Pods-shashilaheshanCOBSCCOMP182P029eWentUITests.debug.xcconfig"; sourceTree = "<group>"; };
		3394FD64A5B51209F760EE57 /* Pods_shashilaheshanCOBSCCOMP182P029eWentUITests.framework */ = {isa = PBXFileReference; explicitFileType = wrapper.framework; includeInIndex = 0; path = Pods_shashilaheshanCOBSCCOMP182P029eWentUITests.framework; sourceTree = BUILT_PRODUCTS_DIR; };
		7E881FFD131F4E2D5234FB5F /* Pods-shashilaheshanCOBSCCOMP182P029eWentUITests.release.xcconfig */ = {isa = PBXFileReference; includeInIndex = 1; lastKnownFileType = text.xcconfig; name = "Pods-shashilaheshanCOBSCCOMP182P029eWentUITests.release.xcconfig"; path = "Target Support Files/Pods-shashilaheshanCOBSCCOMP182P029eWentUITests/Pods-shashilaheshanCOBSCCOMP182P029eWentUITests.release.xcconfig"; sourceTree = "<group>"; };
		9B0E51809E5B24BE040217E4 /* Pods-shashilaheshanCOBSCCOMP182P029eWent.debug.xcconfig */ = {isa = PBXFileReference; includeInIndex = 1; lastKnownFileType = text.xcconfig; name = "Pods-shashilaheshanCOBSCCOMP182P029eWent.debug.xcconfig"; path = "Target Support Files/Pods-shashilaheshanCOBSCCOMP182P029eWent/Pods-shashilaheshanCOBSCCOMP182P029eWent.debug.xcconfig"; sourceTree = "<group>"; };
		D90D74BD42BCC275DA257792 /* Pods-shashilaheshanCOBSCCOMP182P029eWent-shashilaheshanCOBSCCOMP182P029eWentUITests.debug.xcconfig */ = {isa = PBXFileReference; includeInIndex = 1; lastKnownFileType = text.xcconfig; name = "Pods-shashilaheshanCOBSCCOMP182P029eWent-shashilaheshanCOBSCCOMP182P029eWentUITests.debug.xcconfig"; path = "Target Support Files/Pods-shashilaheshanCOBSCCOMP182P029eWent-shashilaheshanCOBSCCOMP182P029eWentUITests/Pods-shashilaheshanCOBSCCOMP182P029eWent-shashilaheshanCOBSCCOMP182P029eWentUITests.debug.xcconfig"; sourceTree = "<group>"; };
		DE4913CD0C4E442732E79165 /* Pods-shashilaheshanCOBSCCOMP182P029eWentTests.release.xcconfig */ = {isa = PBXFileReference; includeInIndex = 1; lastKnownFileType = text.xcconfig; name = "Pods-shashilaheshanCOBSCCOMP182P029eWentTests.release.xcconfig"; path = "Target Support Files/Pods-shashilaheshanCOBSCCOMP182P029eWentTests/Pods-shashilaheshanCOBSCCOMP182P029eWentTests.release.xcconfig"; sourceTree = "<group>"; };
		EBFBE71CBCF900180C93EBFD /* Pods-shashilaheshanCOBSCCOMP182P029eWent-shashilaheshanCOBSCCOMP182P029eWentUITests.release.xcconfig */ = {isa = PBXFileReference; includeInIndex = 1; lastKnownFileType = text.xcconfig; name = "Pods-shashilaheshanCOBSCCOMP182P029eWent-shashilaheshanCOBSCCOMP182P029eWentUITests.release.xcconfig"; path = "Target Support Files/Pods-shashilaheshanCOBSCCOMP182P029eWent-shashilaheshanCOBSCCOMP182P029eWentUITests/Pods-shashilaheshanCOBSCCOMP182P029eWent-shashilaheshanCOBSCCOMP182P029eWentUITests.release.xcconfig"; sourceTree = "<group>"; };
		FAD5479E6BEB297C098E5517 /* Pods_shashilaheshanCOBSCCOMP182P029eWent.framework */ = {isa = PBXFileReference; explicitFileType = wrapper.framework; includeInIndex = 0; path = Pods_shashilaheshanCOBSCCOMP182P029eWent.framework; sourceTree = BUILT_PRODUCTS_DIR; };
		FF4ABAA1B8E068C6CC8CBEE3 /* Pods_shashilaheshanCOBSCCOMP182P029eWentTests.framework */ = {isa = PBXFileReference; explicitFileType = wrapper.framework; includeInIndex = 0; path = Pods_shashilaheshanCOBSCCOMP182P029eWentTests.framework; sourceTree = BUILT_PRODUCTS_DIR; };
/* End PBXFileReference section */

/* Begin PBXFrameworksBuildPhase section */
		0F71EDC923EC77E0007B450A /* Frameworks */ = {
			isa = PBXFrameworksBuildPhase;
			buildActionMask = 2147483647;
			files = (
				C464716D25C71162A2FD653A /* Pods_shashilaheshanCOBSCCOMP182P029eWent.framework in Frameworks */,
			);
			runOnlyForDeploymentPostprocessing = 0;
		};
		0F71EDE023EC77E2007B450A /* Frameworks */ = {
			isa = PBXFrameworksBuildPhase;
			buildActionMask = 2147483647;
			files = (
				CADF5534B81299FA94CEE637 /* Pods_shashilaheshanCOBSCCOMP182P029eWentTests.framework in Frameworks */,
			);
			runOnlyForDeploymentPostprocessing = 0;
		};
		0F71EDEB23EC77E2007B450A /* Frameworks */ = {
			isa = PBXFrameworksBuildPhase;
			buildActionMask = 2147483647;
			files = (
				839996FEC39A872CD6040070 /* Pods_shashilaheshanCOBSCCOMP182P029eWent_shashilaheshanCOBSCCOMP182P029eWentUITests.framework in Frameworks */,
				D173103799F0EBFA470947D6 /* Pods_shashilaheshanCOBSCCOMP182P029eWentUITests.framework in Frameworks */,
			);
			runOnlyForDeploymentPostprocessing = 0;
		};
/* End PBXFrameworksBuildPhase section */

/* Begin PBXGroup section */
		0F118D9223FA56B0000D1DB8 /* EditEventVC */ = {
			isa = PBXGroup;
			children = (
				0F118D9323FA56C3000D1DB8 /* EditEventViewController.swift */,
			);
			path = EditEventVC;
			sourceTree = "<group>";
		};
		0F118D9523FA7175000D1DB8 /* ViewSingleEventVC */ = {
			isa = PBXGroup;
			children = (
				0F118D9623FA71A0000D1DB8 /* SingleEventViewController.swift */,
			);
			path = ViewSingleEventVC;
			sourceTree = "<group>";
		};
		0F19337F23EEFEDC006ABFC3 /* Fonts */ = {
			isa = PBXGroup;
			children = (
				0F19338123EEFF72006ABFC3 /* DidactGothic-Regular.ttf */,
				0F19338023EEFF4F006ABFC3 /* ABeeZee-Regular.ttf */,
			);
			path = Fonts;
			sourceTree = "<group>";
		};
		0F19338423EF04D5006ABFC3 /* AnimationAssets */ = {
			isa = PBXGroup;
			children = (
				0F91CA40240B99A400B6E495 /* network-error.json */,
				0F8D039923F3EC1700322010 /* 433-checked-done.json */,
				0F8D039B23F3EC1E00322010 /* 14651-error-animation.json */,
				0F8D039423F3E61800322010 /* 1397-animation-for-monobank.json */,
				0F19339923EF2A90006ABFC3 /* 9710-registration-of-animated-illustrations.json */,
				0F19338523EF04F7006ABFC3 /* 15230-illustration-animation.json */,
			);
			path = AnimationAssets;
			sourceTree = "<group>";
		};
		0F19338923EF0D4F006ABFC3 /* UIExtentions */ = {
			isa = PBXGroup;
			children = (
				0F19338C23EF14C9006ABFC3 /* UiElementsExtentions */,
				0F19338A23EF0D66006ABFC3 /* LoginUIExtention.swift */,
				0F896F4723F9292A00A57776 /* AlertDialog.swift */,
				0F91CA3E240B93A600B6E495 /* KeyboardListeners.swift */,
			);
			path = UIExtentions;
			sourceTree = "<group>";
		};
		0F19338C23EF14C9006ABFC3 /* UiElementsExtentions */ = {
			isa = PBXGroup;
			children = (
				0F19338D23EF14DF006ABFC3 /* UiButtonCustom.swift */,
				0F19338F23EF18ED006ABFC3 /* UITextFieldExtention.swift */,
				0F19339423EF1ADB006ABFC3 /* UiViewExtention.swift */,
				0F51717523F5BFEF00FC9071 /* TabBarUIViewControllerExtention.swift */,
			);
			path = UiElementsExtentions;
			sourceTree = "<group>";
		};
		0F19339123EF19E0006ABFC3 /* ProtocolHandlers */ = {
			isa = PBXGroup;
			children = (
				0FDDD0AE2406202400BA4863 /* EventProtocolHandler.swift */,
				0FDDD0B2240657A500BA4863 /* RegisterProtocolHandler.swift */,
				0FDDD0B424065F0100BA4863 /* LoginProtocolHandler.swift */,
				0F985A1B240947A2008E7C60 /* ProfileProtocolHandler.swift */,
				0FA4D72B240B098700C786E5 /* ViewProtocolHandler.swift */,
				0FA4D72D240B5CD100C786E5 /* ForgotPasswordProtocol.swift */,
			);
			path = ProtocolHandlers;
			sourceTree = "<group>";
		};
		0F19339623EF26AE006ABFC3 /* RegisterVC */ = {
			isa = PBXGroup;
			children = (
				0F19339723EF26C4006ABFC3 /* RegisterVC.swift */,
			);
			path = RegisterVC;
			sourceTree = "<group>";
		};
		0F51717723F5C16300FC9071 /* UiTabBar+ */ = {
			isa = PBXGroup;
			children = (
				0F51717823F5C1B800FC9071 /* GuestureTabBar.swift */,
				0F51717A23F5C7FF00FC9071 /* EventPostViewController.swift */,
				0F896F3423F683F700A57776 /* ProfileViewController.swift */,
				0F896F5123FA437600A57776 /* SettingsViewController.swift */,
				0F91CA48240BED7F00B6E495 /* VideoViewcontroller.swift */,
			);
			path = "UiTabBar+";
			sourceTree = "<group>";
		};
		0F62C36A23EC998700A6AC19 /* Storyboards */ = {
			isa = PBXGroup;
			children = (
				0F71EDD323EC77E0007B450A /* Main.storyboard */,
				0F71EDDB23EC77E2007B450A /* LaunchScreen.storyboard */,
				0F62C36D23EC9C1800A6AC19 /* Auth.storyboard */,
				0F51717323F5BBD200FC9071 /* Home.storyboard */,
				0F118D9823FA742D000D1DB8 /* EventView.storyboard */,
				0F896F3C23F915B800A57776 /* AddEvent.storyboard */,
				0F118D9023FA5662000D1DB8 /* EditEvent.storyboard */,
				0F985A1924092D90008E7C60 /* Profile.storyboard */,
				0FA4D731240B6B1000C786E5 /* NetworkError.storyboard */,
			);
			path = Storyboards;
			sourceTree = "<group>";
		};
		0F62C37323ED1C5800A6AC19 /* CustomViews */ = {
			isa = PBXGroup;
			children = (
				0F62C37423ED1C6B00A6AC19 /* Slide.swift */,
				0F62C37623ED1DB100A6AC19 /* Slide.xib */,
				0F51717C23F5CAD800FC9071 /* CustomEventPostCellTableViewCell.swift */,
				0F25A16423FD3AE600A977B6 /* AlertView.xib */,
				0F25A16223FD3A3F00A977B6 /* AlertView.swift */,
				0F91CA42240BE13800B6E495 /* CommentCell.swift */,
				0F91CA4A240BEE9A00B6E495 /* VideoViewCell.swift */,
			);
			path = CustomViews;
			sourceTree = "<group>";
		};
		0F62C37823ED318E00A6AC19 /* ViewControllers */ = {
			isa = PBXGroup;
			children = (
				0FA4D733240B6B4500C786E5 /* OfflineViewController */,
				0F985A1624092D0F008E7C60 /* ProfileVC */,
				0F118D9523FA7175000D1DB8 /* ViewSingleEventVC */,
				0F118D9223FA56B0000D1DB8 /* EditEventVC */,
				0F896F3E23F9184400A57776 /* EventAddVC */,
				0F51717723F5C16300FC9071 /* UiTabBar+ */,
				0F8D039623F3E63300322010 /* ForgotPasswordVC */,
				0F19339623EF26AE006ABFC3 /* RegisterVC */,
				0F62C37923ED31C500A6AC19 /* LoginVC */,
				0F71EDD123EC77E0007B450A /* ViewController.swift */,
			);
			path = ViewControllers;
			sourceTree = "<group>";
		};
		0F62C37923ED31C500A6AC19 /* LoginVC */ = {
			isa = PBXGroup;
			children = (
				0F62C37A23ED31D800A6AC19 /* LoginVC.swift */,
			);
			path = LoginVC;
			sourceTree = "<group>";
		};
		0F62C37C23ED34E100A6AC19 /* Helpers */ = {
			isa = PBXGroup;
			children = (
				0F62C37D23ED350400A6AC19 /* NonTransitionNavigator.swift */,
				0F62C38323ED482000A6AC19 /* GetSliderInfo.swift */,
				0F19338723EF096E006ABFC3 /* AnimationController.swift */,
				0F8D039D23F3F27B00322010 /* CircularTransition.swift */,
				0FE3F1FA23FB05D80050C27D /* UserDefault+Extension.swift */,
				0FDDD0B0240621F600BA4863 /* AlertViews.swift */,
				0F985A29240AD8C8008E7C60 /* Validators.swift */,
				0FA4D729240B08B900C786E5 /* MapLocation.swift */,
				0FA4D72F240B688000C786E5 /* NetworkReachability.swift */,
			);
			path = Helpers;
			sourceTree = "<group>";
		};
		0F62C37F23ED36F100A6AC19 /* Utils */ = {
			isa = PBXGroup;
			children = (
				0F62C38023ED370600A6AC19 /* UtilsApp.swift */,
			);
			path = Utils;
			sourceTree = "<group>";
		};
		0F62C38223ED3BBC00A6AC19 /* Models */ = {
			isa = PBXGroup;
			children = (
				0F896F3223F6831B00A57776 /* Profile.swift */,
				0F896F4323F91D2A00A57776 /* Event.swift */,
				0F896F4923F9847400A57776 /* User.swift */,
				0F91CA44240BE40300B6E495 /* Comment.swift */,
			);
			path = Models;
			sourceTree = "<group>";
		};
		0F62C38523ED4C0200A6AC19 /* ServiceClients */ = {
			isa = PBXGroup;
			children = (
				0F62C38623ED4C0F00A6AC19 /* SliderDataService.swift */,
				0F896F3823F6875B00A57776 /* FirebaseDataClient.swift */,
				0F896F3A23F687EB00A57776 /* ProfileDataService.swift */,
				0F896F4523F91E9C00A57776 /* EventDataService.swift */,
				0F896F4D23F9857D00A57776 /* AuthDataService.swift */,
				0F985A142409248F008E7C60 /* FirebaseStorageService.swift */,
			);
			path = ServiceClients;
			sourceTree = "<group>";
		};
		0F71EDC323EC77E0007B450A = {
			isa = PBXGroup;
			children = (
				0F71EDCE23EC77E0007B450A /* shashilaheshanCOBSCCOMP182P029eWent */,
				0F71EDE623EC77E2007B450A /* shashilaheshanCOBSCCOMP182P029eWentTests */,
				0F71EDF123EC77E2007B450A /* shashilaheshanCOBSCCOMP182P029eWentUITests */,
				0F71EDCD23EC77E0007B450A /* Products */,
				6FC205A53E6D28E6D9487599 /* Pods */,
				1A76B690735E656D17385480 /* Frameworks */,
			);
			sourceTree = "<group>";
		};
		0F71EDCD23EC77E0007B450A /* Products */ = {
			isa = PBXGroup;
			children = (
				0F71EDCC23EC77E0007B450A /* shashilaheshanCOBSCCOMP182P029eWent.app */,
				0F71EDE323EC77E2007B450A /* shashilaheshanCOBSCCOMP182P029eWentTests.xctest */,
				0F71EDEE23EC77E2007B450A /* shashilaheshanCOBSCCOMP182P029eWentUITests.xctest */,
			);
			name = Products;
			sourceTree = "<group>";
		};
		0F71EDCE23EC77E0007B450A /* shashilaheshanCOBSCCOMP182P029eWent */ = {
			isa = PBXGroup;
			children = (
				0F91CA4C240BF34400B6E495 /* video.mp4 */,
				0F896F2E23F6789800A57776 /* GoogleService-Info.plist */,
				0F8D039323F3CFFA00322010 /* ViewModels */,
				0F19339123EF19E0006ABFC3 /* ProtocolHandlers */,
				0F19338923EF0D4F006ABFC3 /* UIExtentions */,
				0F19338423EF04D5006ABFC3 /* AnimationAssets */,
				0F19337F23EEFEDC006ABFC3 /* Fonts */,
				0F62C38523ED4C0200A6AC19 /* ServiceClients */,
				0F62C38223ED3BBC00A6AC19 /* Models */,
				0F62C37F23ED36F100A6AC19 /* Utils */,
				0F62C37C23ED34E100A6AC19 /* Helpers */,
				0F62C37823ED318E00A6AC19 /* ViewControllers */,
				0F62C37323ED1C5800A6AC19 /* CustomViews */,
				0F62C36A23EC998700A6AC19 /* Storyboards */,
				0F71EDCF23EC77E0007B450A /* AppDelegate.swift */,
				0F71EDDE23EC77E2007B450A /* Info.plist */,
				0F71EDD623EC77E0007B450A /* eWent.xcdatamodeld */,
				0F118D8E23FA5456000D1DB8 /* AssetsFiles.xcassets */,
			);
			path = shashilaheshanCOBSCCOMP182P029eWent;
			sourceTree = "<group>";
		};
		0F71EDE623EC77E2007B450A /* shashilaheshanCOBSCCOMP182P029eWentTests */ = {
			isa = PBXGroup;
			children = (
				0F71EDE723EC77E2007B450A /* eWentTests.swift */,
				0F71EDE923EC77E2007B450A /* Info.plist */,
				0F91CA4D240C162200B6E495 /* LoginTest.swift */,
				0F91CA4F240C1F7B00B6E495 /* RegisterTest.swift */,
				0F91CA51240C223500B6E495 /* EventTest.swift */,
			);
			path = shashilaheshanCOBSCCOMP182P029eWentTests;
			sourceTree = "<group>";
		};
		0F71EDF123EC77E2007B450A /* shashilaheshanCOBSCCOMP182P029eWentUITests */ = {
			isa = PBXGroup;
			children = (
				0F71EDF223EC77E2007B450A /* eWentUITests.swift */,
				0F71EDF423EC77E2007B450A /* Info.plist */,
				0F91CA53240C2B1F00B6E495 /* LoginUITest.swift */,
				0F91CA55240C32B900B6E495 /* AddEventUITest.swift */,
			);
			path = shashilaheshanCOBSCCOMP182P029eWentUITests;
			sourceTree = "<group>";
		};
		0F896F3E23F9184400A57776 /* EventAddVC */ = {
			isa = PBXGroup;
			children = (
				0F896F3F23F9185500A57776 /* EventAddViewController.swift */,
			);
			path = EventAddVC;
			sourceTree = "<group>";
		};
		0F8D039323F3CFFA00322010 /* ViewModels */ = {
			isa = PBXGroup;
			children = (
				0F896F3023F682EC00A57776 /* Profile+ViewModel.swift */,
				0F896F4123F91D1800A57776 /* Event+ViewModel.swift */,
				0F896F4B23F9850200A57776 /* Register+ViewModel.swift */,
				0F896F4F23F991AA00A57776 /* Login+ViewModel.swift */,
				0F985A27240A94B6008E7C60 /* AuthViewModel.swift */,
				0F91CA46240BE45C00B6E495 /* CommentViewModel.swift */,
			);
			path = ViewModels;
			sourceTree = "<group>";
		};
		0F8D039623F3E63300322010 /* ForgotPasswordVC */ = {
			isa = PBXGroup;
			children = (
				0F8D039723F3E65400322010 /* ForgotPasswordVC.swift */,
			);
			path = ForgotPasswordVC;
			sourceTree = "<group>";
		};
		0F985A1624092D0F008E7C60 /* ProfileVC */ = {
			isa = PBXGroup;
			children = (
				0F985A1D240964B4008E7C60 /* ProfileViewTableView.swift */,
				0F985A1F240964DF008E7C60 /* TableView.swift */,
			);
			path = ProfileVC;
			sourceTree = "<group>";
		};
		0FA4D733240B6B4500C786E5 /* OfflineViewController */ = {
			isa = PBXGroup;
			children = (
				0FA4D734240B6B6400C786E5 /* OfflineViewController.swift */,
			);
			path = OfflineViewController;
			sourceTree = "<group>";
		};
		1A76B690735E656D17385480 /* Frameworks */ = {
			isa = PBXGroup;
			children = (
				FAD5479E6BEB297C098E5517 /* Pods_shashilaheshanCOBSCCOMP182P029eWent.framework */,
				FF4ABAA1B8E068C6CC8CBEE3 /* Pods_shashilaheshanCOBSCCOMP182P029eWentTests.framework */,
				28649D2FB312ACD2F40A14D8 /* Pods_shashilaheshanCOBSCCOMP182P029eWent_shashilaheshanCOBSCCOMP182P029eWentUITests.framework */,
				3394FD64A5B51209F760EE57 /* Pods_shashilaheshanCOBSCCOMP182P029eWentUITests.framework */,
			);
			name = Frameworks;
			sourceTree = "<group>";
		};
		6FC205A53E6D28E6D9487599 /* Pods */ = {
			isa = PBXGroup;
			children = (
				9B0E51809E5B24BE040217E4 /* Pods-shashilaheshanCOBSCCOMP182P029eWent.debug.xcconfig */,
				239CBC5B56A6B8ABFCDB6514 /* Pods-shashilaheshanCOBSCCOMP182P029eWent.release.xcconfig */,
				064987E07D60B0A14C1EF259 /* Pods-shashilaheshanCOBSCCOMP182P029eWentTests.debug.xcconfig */,
				DE4913CD0C4E442732E79165 /* Pods-shashilaheshanCOBSCCOMP182P029eWentTests.release.xcconfig */,
				D90D74BD42BCC275DA257792 /* Pods-shashilaheshanCOBSCCOMP182P029eWent-shashilaheshanCOBSCCOMP182P029eWentUITests.debug.xcconfig */,
				EBFBE71CBCF900180C93EBFD /* Pods-shashilaheshanCOBSCCOMP182P029eWent-shashilaheshanCOBSCCOMP182P029eWentUITests.release.xcconfig */,
				2DC47E4DC74D2F1715F14692 /* Pods-shashilaheshanCOBSCCOMP182P029eWentUITests.debug.xcconfig */,
				7E881FFD131F4E2D5234FB5F /* Pods-shashilaheshanCOBSCCOMP182P029eWentUITests.release.xcconfig */,
			);
			path = Pods;
			sourceTree = "<group>";
		};
/* End PBXGroup section */

/* Begin PBXNativeTarget section */
		0F71EDCB23EC77E0007B450A /* shashilaheshanCOBSCCOMP182P029eWent */ = {
			isa = PBXNativeTarget;
			buildConfigurationList = 0F71EDF723EC77E2007B450A /* Build configuration list for PBXNativeTarget "shashilaheshanCOBSCCOMP182P029eWent" */;
			buildPhases = (
				30123D1E5D370A589951C777 /* [CP] Check Pods Manifest.lock */,
				0F71EDC823EC77E0007B450A /* Sources */,
				0F71EDC923EC77E0007B450A /* Frameworks */,
				0F71EDCA23EC77E0007B450A /* Resources */,
				0228266D548C97CE9D9C34CF /* [CP] Embed Pods Frameworks */,
			);
			buildRules = (
			);
			dependencies = (
			);
			name = shashilaheshanCOBSCCOMP182P029eWent;
			productName = eWent;
			productReference = 0F71EDCC23EC77E0007B450A /* shashilaheshanCOBSCCOMP182P029eWent.app */;
			productType = "com.apple.product-type.application";
		};
		0F71EDE223EC77E2007B450A /* shashilaheshanCOBSCCOMP182P029eWentTests */ = {
			isa = PBXNativeTarget;
			buildConfigurationList = 0F71EDFA23EC77E2007B450A /* Build configuration list for PBXNativeTarget "shashilaheshanCOBSCCOMP182P029eWentTests" */;
			buildPhases = (
				EAC6F94BAE7EF7D9B8731B3C /* [CP] Check Pods Manifest.lock */,
				0F71EDDF23EC77E2007B450A /* Sources */,
				0F71EDE023EC77E2007B450A /* Frameworks */,
				0F71EDE123EC77E2007B450A /* Resources */,
			);
			buildRules = (
			);
			dependencies = (
				0F71EDE523EC77E2007B450A /* PBXTargetDependency */,
			);
			name = shashilaheshanCOBSCCOMP182P029eWentTests;
			productName = eWentTests;
			productReference = 0F71EDE323EC77E2007B450A /* shashilaheshanCOBSCCOMP182P029eWentTests.xctest */;
			productType = "com.apple.product-type.bundle.unit-test";
		};
		0F71EDED23EC77E2007B450A /* shashilaheshanCOBSCCOMP182P029eWentUITests */ = {
			isa = PBXNativeTarget;
			buildConfigurationList = 0F71EDFD23EC77E2007B450A /* Build configuration list for PBXNativeTarget "shashilaheshanCOBSCCOMP182P029eWentUITests" */;
			buildPhases = (
				5BBDF5E52442A2D0F3E78DB8 /* [CP] Check Pods Manifest.lock */,
				0F71EDEA23EC77E2007B450A /* Sources */,
				0F71EDEB23EC77E2007B450A /* Frameworks */,
				0F71EDEC23EC77E2007B450A /* Resources */,
				18A1170D9FCFD8CCBE177ECD /* [CP] Embed Pods Frameworks */,
			);
			buildRules = (
			);
			dependencies = (
				0F71EDF023EC77E2007B450A /* PBXTargetDependency */,
			);
			name = shashilaheshanCOBSCCOMP182P029eWentUITests;
			productName = eWentUITests;
			productReference = 0F71EDEE23EC77E2007B450A /* shashilaheshanCOBSCCOMP182P029eWentUITests.xctest */;
			productType = "com.apple.product-type.bundle.ui-testing";
		};
/* End PBXNativeTarget section */

/* Begin PBXProject section */
		0F71EDC423EC77E0007B450A /* Project object */ = {
			isa = PBXProject;
			attributes = {
				LastSwiftUpdateCheck = 1030;
				LastUpgradeCheck = 1030;
				ORGANIZATIONNAME = "Shashila Heshan";
				TargetAttributes = {
					0F71EDCB23EC77E0007B450A = {
						CreatedOnToolsVersion = 10.3;
					};
					0F71EDE223EC77E2007B450A = {
						CreatedOnToolsVersion = 10.3;
						TestTargetID = 0F71EDCB23EC77E0007B450A;
					};
					0F71EDED23EC77E2007B450A = {
						CreatedOnToolsVersion = 10.3;
						TestTargetID = 0F71EDCB23EC77E0007B450A;
					};
				};
			};
			buildConfigurationList = 0F71EDC723EC77E0007B450A /* Build configuration list for PBXProject "shashilaheshanCOBSCCOMP182P029eWent" */;
			compatibilityVersion = "Xcode 9.3";
			developmentRegion = en;
			hasScannedForEncodings = 0;
			knownRegions = (
				en,
				Base,
			);
			mainGroup = 0F71EDC323EC77E0007B450A;
			productRefGroup = 0F71EDCD23EC77E0007B450A /* Products */;
			projectDirPath = "";
			projectRoot = "";
			targets = (
				0F71EDCB23EC77E0007B450A /* shashilaheshanCOBSCCOMP182P029eWent */,
				0F71EDE223EC77E2007B450A /* shashilaheshanCOBSCCOMP182P029eWentTests */,
				0F71EDED23EC77E2007B450A /* shashilaheshanCOBSCCOMP182P029eWentUITests */,
			);
		};
/* End PBXProject section */

/* Begin PBXResourcesBuildPhase section */
		0F71EDCA23EC77E0007B450A /* Resources */ = {
			isa = PBXResourcesBuildPhase;
			buildActionMask = 2147483647;
			files = (
				0F118D9923FA742D000D1DB8 /* EventView.storyboard in Resources */,
				0F985A1A24092D90008E7C60 /* Profile.storyboard in Resources */,
				0F19338623EF04F7006ABFC3 /* 15230-illustration-animation.json in Resources */,
				0F118D8F23FA5456000D1DB8 /* AssetsFiles.xcassets in Resources */,
				0F8D039A23F3EC1700322010 /* 433-checked-done.json in Resources */,
				0F118D9123FA5662000D1DB8 /* EditEvent.storyboard in Resources */,
				0F51717423F5BBD200FC9071 /* Home.storyboard in Resources */,
				0F62C36E23EC9C1800A6AC19 /* Auth.storyboard in Resources */,
				0F71EDDD23EC77E2007B450A /* LaunchScreen.storyboard in Resources */,
				0F8D039523F3E61800322010 /* 1397-animation-for-monobank.json in Resources */,
				0F91CA41240B99A500B6E495 /* network-error.json in Resources */,
				0F25A16523FD3AE600A977B6 /* AlertView.xib in Resources */,
				0F62C37723ED1DB100A6AC19 /* Slide.xib in Resources */,
				0F8D039C23F3EC1E00322010 /* 14651-error-animation.json in Resources */,
				0F19339A23EF2A91006ABFC3 /* 9710-registration-of-animated-illustrations.json in Resources */,
				0F896F3D23F915B800A57776 /* AddEvent.storyboard in Resources */,
				0F19338223EEFFB2006ABFC3 /* DidactGothic-Regular.ttf in Resources */,
				0F19338323EEFFB5006ABFC3 /* ABeeZee-Regular.ttf in Resources */,
				0F71EDD523EC77E0007B450A /* Main.storyboard in Resources */,
				0FA4D732240B6B1000C786E5 /* NetworkError.storyboard in Resources */,
				0F896F2F23F6789800A57776 /* GoogleService-Info.plist in Resources */,
			);
			runOnlyForDeploymentPostprocessing = 0;
		};
		0F71EDE123EC77E2007B450A /* Resources */ = {
			isa = PBXResourcesBuildPhase;
			buildActionMask = 2147483647;
			files = (
			);
			runOnlyForDeploymentPostprocessing = 0;
		};
		0F71EDEC23EC77E2007B450A /* Resources */ = {
			isa = PBXResourcesBuildPhase;
			buildActionMask = 2147483647;
			files = (
			);
			runOnlyForDeploymentPostprocessing = 0;
		};
/* End PBXResourcesBuildPhase section */

/* Begin PBXShellScriptBuildPhase section */
		0228266D548C97CE9D9C34CF /* [CP] Embed Pods Frameworks */ = {
			isa = PBXShellScriptBuildPhase;
			buildActionMask = 2147483647;
			files = (
			);
			inputFileListPaths = (
			);
			inputPaths = (
				"${PODS_ROOT}/Target Support Files/Pods-shashilaheshanCOBSCCOMP182P029eWent/Pods-shashilaheshanCOBSCCOMP182P029eWent-frameworks.sh",
				"${BUILT_PRODUCTS_DIR}/BoringSSL-GRPC/openssl_grpc.framework",
				"${BUILT_PRODUCTS_DIR}/GPVideoPlayer/GPVideoPlayer.framework",
				"${BUILT_PRODUCTS_DIR}/GTMSessionFetcher/GTMSessionFetcher.framework",
				"${BUILT_PRODUCTS_DIR}/GoogleUtilities/GoogleUtilities.framework",
				"${BUILT_PRODUCTS_DIR}/Kingfisher/Kingfisher.framework",
				"${BUILT_PRODUCTS_DIR}/LocationPickerViewController/LocationPickerViewController.framework",
				"${BUILT_PRODUCTS_DIR}/ReachabilitySwift/Reachability.framework",
				"${BUILT_PRODUCTS_DIR}/RxCocoa/RxCocoa.framework",
				"${BUILT_PRODUCTS_DIR}/RxRelay/RxRelay.framework",
				"${BUILT_PRODUCTS_DIR}/RxSwift/RxSwift.framework",
				"${BUILT_PRODUCTS_DIR}/SwiftyJSON/SwiftyJSON.framework",
				"${BUILT_PRODUCTS_DIR}/abseil/absl.framework",
				"${BUILT_PRODUCTS_DIR}/gRPC-C++/grpcpp.framework",
				"${BUILT_PRODUCTS_DIR}/gRPC-Core/grpc.framework",
				"${BUILT_PRODUCTS_DIR}/leveldb-library/leveldb.framework",
				"${BUILT_PRODUCTS_DIR}/lottie-ios/Lottie.framework",
				"${BUILT_PRODUCTS_DIR}/nanopb/nanopb.framework",
			);
			name = "[CP] Embed Pods Frameworks";
			outputFileListPaths = (
			);
			outputPaths = (
				"${TARGET_BUILD_DIR}/${FRAMEWORKS_FOLDER_PATH}/openssl_grpc.framework",
				"${TARGET_BUILD_DIR}/${FRAMEWORKS_FOLDER_PATH}/GPVideoPlayer.framework",
				"${TARGET_BUILD_DIR}/${FRAMEWORKS_FOLDER_PATH}/GTMSessionFetcher.framework",
				"${TARGET_BUILD_DIR}/${FRAMEWORKS_FOLDER_PATH}/GoogleUtilities.framework",
				"${TARGET_BUILD_DIR}/${FRAMEWORKS_FOLDER_PATH}/Kingfisher.framework",
				"${TARGET_BUILD_DIR}/${FRAMEWORKS_FOLDER_PATH}/LocationPickerViewController.framework",
				"${TARGET_BUILD_DIR}/${FRAMEWORKS_FOLDER_PATH}/Reachability.framework",
				"${TARGET_BUILD_DIR}/${FRAMEWORKS_FOLDER_PATH}/RxCocoa.framework",
				"${TARGET_BUILD_DIR}/${FRAMEWORKS_FOLDER_PATH}/RxRelay.framework",
				"${TARGET_BUILD_DIR}/${FRAMEWORKS_FOLDER_PATH}/RxSwift.framework",
				"${TARGET_BUILD_DIR}/${FRAMEWORKS_FOLDER_PATH}/SwiftyJSON.framework",
				"${TARGET_BUILD_DIR}/${FRAMEWORKS_FOLDER_PATH}/absl.framework",
				"${TARGET_BUILD_DIR}/${FRAMEWORKS_FOLDER_PATH}/grpcpp.framework",
				"${TARGET_BUILD_DIR}/${FRAMEWORKS_FOLDER_PATH}/grpc.framework",
				"${TARGET_BUILD_DIR}/${FRAMEWORKS_FOLDER_PATH}/leveldb.framework",
				"${TARGET_BUILD_DIR}/${FRAMEWORKS_FOLDER_PATH}/Lottie.framework",
				"${TARGET_BUILD_DIR}/${FRAMEWORKS_FOLDER_PATH}/nanopb.framework",
			);
			runOnlyForDeploymentPostprocessing = 0;
			shellPath = /bin/sh;
			shellScript = "\"${PODS_ROOT}/Target Support Files/Pods-shashilaheshanCOBSCCOMP182P029eWent/Pods-shashilaheshanCOBSCCOMP182P029eWent-frameworks.sh\"\n";
			showEnvVarsInLog = 0;
		};
		18A1170D9FCFD8CCBE177ECD /* [CP] Embed Pods Frameworks */ = {
			isa = PBXShellScriptBuildPhase;
			buildActionMask = 2147483647;
			files = (
			);
			inputFileListPaths = (
			);
			inputPaths = (
				"${PODS_ROOT}/Target Support Files/Pods-shashilaheshanCOBSCCOMP182P029eWent-shashilaheshanCOBSCCOMP182P029eWentUITests/Pods-shashilaheshanCOBSCCOMP182P029eWent-shashilaheshanCOBSCCOMP182P029eWentUITests-frameworks.sh",
				"${BUILT_PRODUCTS_DIR}/BoringSSL-GRPC/openssl_grpc.framework",
				"${BUILT_PRODUCTS_DIR}/GPVideoPlayer/GPVideoPlayer.framework",
				"${BUILT_PRODUCTS_DIR}/GTMSessionFetcher/GTMSessionFetcher.framework",
				"${BUILT_PRODUCTS_DIR}/GoogleUtilities/GoogleUtilities.framework",
				"${BUILT_PRODUCTS_DIR}/Kingfisher/Kingfisher.framework",
				"${BUILT_PRODUCTS_DIR}/LocationPickerViewController/LocationPickerViewController.framework",
				"${BUILT_PRODUCTS_DIR}/ReachabilitySwift/Reachability.framework",
				"${BUILT_PRODUCTS_DIR}/RxCocoa/RxCocoa.framework",
				"${BUILT_PRODUCTS_DIR}/RxRelay/RxRelay.framework",
				"${BUILT_PRODUCTS_DIR}/RxSwift/RxSwift.framework",
				"${BUILT_PRODUCTS_DIR}/SwiftyJSON/SwiftyJSON.framework",
				"${BUILT_PRODUCTS_DIR}/abseil/absl.framework",
				"${BUILT_PRODUCTS_DIR}/gRPC-C++/grpcpp.framework",
				"${BUILT_PRODUCTS_DIR}/gRPC-Core/grpc.framework",
				"${BUILT_PRODUCTS_DIR}/leveldb-library/leveldb.framework",
				"${BUILT_PRODUCTS_DIR}/lottie-ios/Lottie.framework",
				"${BUILT_PRODUCTS_DIR}/nanopb/nanopb.framework",
			);
			name = "[CP] Embed Pods Frameworks";
			outputFileListPaths = (
			);
			outputPaths = (
				"${TARGET_BUILD_DIR}/${FRAMEWORKS_FOLDER_PATH}/openssl_grpc.framework",
				"${TARGET_BUILD_DIR}/${FRAMEWORKS_FOLDER_PATH}/GPVideoPlayer.framework",
				"${TARGET_BUILD_DIR}/${FRAMEWORKS_FOLDER_PATH}/GTMSessionFetcher.framework",
				"${TARGET_BUILD_DIR}/${FRAMEWORKS_FOLDER_PATH}/GoogleUtilities.framework",
				"${TARGET_BUILD_DIR}/${FRAMEWORKS_FOLDER_PATH}/Kingfisher.framework",
				"${TARGET_BUILD_DIR}/${FRAMEWORKS_FOLDER_PATH}/LocationPickerViewController.framework",
				"${TARGET_BUILD_DIR}/${FRAMEWORKS_FOLDER_PATH}/Reachability.framework",
				"${TARGET_BUILD_DIR}/${FRAMEWORKS_FOLDER_PATH}/RxCocoa.framework",
				"${TARGET_BUILD_DIR}/${FRAMEWORKS_FOLDER_PATH}/RxRelay.framework",
				"${TARGET_BUILD_DIR}/${FRAMEWORKS_FOLDER_PATH}/RxSwift.framework",
				"${TARGET_BUILD_DIR}/${FRAMEWORKS_FOLDER_PATH}/SwiftyJSON.framework",
				"${TARGET_BUILD_DIR}/${FRAMEWORKS_FOLDER_PATH}/absl.framework",
				"${TARGET_BUILD_DIR}/${FRAMEWORKS_FOLDER_PATH}/grpcpp.framework",
				"${TARGET_BUILD_DIR}/${FRAMEWORKS_FOLDER_PATH}/grpc.framework",
				"${TARGET_BUILD_DIR}/${FRAMEWORKS_FOLDER_PATH}/leveldb.framework",
				"${TARGET_BUILD_DIR}/${FRAMEWORKS_FOLDER_PATH}/Lottie.framework",
				"${TARGET_BUILD_DIR}/${FRAMEWORKS_FOLDER_PATH}/nanopb.framework",
			);
			runOnlyForDeploymentPostprocessing = 0;
			shellPath = /bin/sh;
			shellScript = "\"${PODS_ROOT}/Target Support Files/Pods-shashilaheshanCOBSCCOMP182P029eWent-shashilaheshanCOBSCCOMP182P029eWentUITests/Pods-shashilaheshanCOBSCCOMP182P029eWent-shashilaheshanCOBSCCOMP182P029eWentUITests-frameworks.sh\"\n";
			showEnvVarsInLog = 0;
		};
		30123D1E5D370A589951C777 /* [CP] Check Pods Manifest.lock */ = {
			isa = PBXShellScriptBuildPhase;
			buildActionMask = 2147483647;
			files = (
			);
			inputFileListPaths = (
			);
			inputPaths = (
				"${PODS_PODFILE_DIR_PATH}/Podfile.lock",
				"${PODS_ROOT}/Manifest.lock",
			);
			name = "[CP] Check Pods Manifest.lock";
			outputFileListPaths = (
			);
			outputPaths = (
				"$(DERIVED_FILE_DIR)/Pods-shashilaheshanCOBSCCOMP182P029eWent-checkManifestLockResult.txt",
			);
			runOnlyForDeploymentPostprocessing = 0;
			shellPath = /bin/sh;
			shellScript = "diff \"${PODS_PODFILE_DIR_PATH}/Podfile.lock\" \"${PODS_ROOT}/Manifest.lock\" > /dev/null\nif [ $? != 0 ] ; then\n    # print error to STDERR\n    echo \"error: The sandbox is not in sync with the Podfile.lock. Run 'pod install' or update your CocoaPods installation.\" >&2\n    exit 1\nfi\n# This output is used by Xcode 'outputs' to avoid re-running this script phase.\necho \"SUCCESS\" > \"${SCRIPT_OUTPUT_FILE_0}\"\n";
			showEnvVarsInLog = 0;
		};
		5BBDF5E52442A2D0F3E78DB8 /* [CP] Check Pods Manifest.lock */ = {
			isa = PBXShellScriptBuildPhase;
			buildActionMask = 2147483647;
			files = (
			);
			inputFileListPaths = (
			);
			inputPaths = (
				"${PODS_PODFILE_DIR_PATH}/Podfile.lock",
				"${PODS_ROOT}/Manifest.lock",
			);
			name = "[CP] Check Pods Manifest.lock";
			outputFileListPaths = (
			);
			outputPaths = (
				"$(DERIVED_FILE_DIR)/Pods-shashilaheshanCOBSCCOMP182P029eWent-shashilaheshanCOBSCCOMP182P029eWentUITests-checkManifestLockResult.txt",
			);
			runOnlyForDeploymentPostprocessing = 0;
			shellPath = /bin/sh;
			shellScript = "diff \"${PODS_PODFILE_DIR_PATH}/Podfile.lock\" \"${PODS_ROOT}/Manifest.lock\" > /dev/null\nif [ $? != 0 ] ; then\n    # print error to STDERR\n    echo \"error: The sandbox is not in sync with the Podfile.lock. Run 'pod install' or update your CocoaPods installation.\" >&2\n    exit 1\nfi\n# This output is used by Xcode 'outputs' to avoid re-running this script phase.\necho \"SUCCESS\" > \"${SCRIPT_OUTPUT_FILE_0}\"\n";
			showEnvVarsInLog = 0;
		};
		EAC6F94BAE7EF7D9B8731B3C /* [CP] Check Pods Manifest.lock */ = {
			isa = PBXShellScriptBuildPhase;
			buildActionMask = 2147483647;
			files = (
			);
			inputFileListPaths = (
			);
			inputPaths = (
				"${PODS_PODFILE_DIR_PATH}/Podfile.lock",
				"${PODS_ROOT}/Manifest.lock",
			);
			name = "[CP] Check Pods Manifest.lock";
			outputFileListPaths = (
			);
			outputPaths = (
				"$(DERIVED_FILE_DIR)/Pods-shashilaheshanCOBSCCOMP182P029eWentTests-checkManifestLockResult.txt",
			);
			runOnlyForDeploymentPostprocessing = 0;
			shellPath = /bin/sh;
			shellScript = "diff \"${PODS_PODFILE_DIR_PATH}/Podfile.lock\" \"${PODS_ROOT}/Manifest.lock\" > /dev/null\nif [ $? != 0 ] ; then\n    # print error to STDERR\n    echo \"error: The sandbox is not in sync with the Podfile.lock. Run 'pod install' or update your CocoaPods installation.\" >&2\n    exit 1\nfi\n# This output is used by Xcode 'outputs' to avoid re-running this script phase.\necho \"SUCCESS\" > \"${SCRIPT_OUTPUT_FILE_0}\"\n";
			showEnvVarsInLog = 0;
		};
/* End PBXShellScriptBuildPhase section */

/* Begin PBXSourcesBuildPhase section */
		0F71EDC823EC77E0007B450A /* Sources */ = {
			isa = PBXSourcesBuildPhase;
			buildActionMask = 2147483647;
			files = (
				0F896F5023F991AA00A57776 /* Login+ViewModel.swift in Sources */,
				0F896F3123F682EC00A57776 /* Profile+ViewModel.swift in Sources */,
				0F896F3323F6831B00A57776 /* Profile.swift in Sources */,
				0F71EDD223EC77E0007B450A /* ViewController.swift in Sources */,
				0F91CA3F240B93A600B6E495 /* KeyboardListeners.swift in Sources */,
				0F985A1E240964B4008E7C60 /* ProfileViewTableView.swift in Sources */,
				0F51717D23F5CAD800FC9071 /* CustomEventPostCellTableViewCell.swift in Sources */,
				0F25A16323FD3A3F00A977B6 /* AlertView.swift in Sources */,
				0F91CA47240BE45C00B6E495 /* CommentViewModel.swift in Sources */,
				0FA4D72A240B08B900C786E5 /* MapLocation.swift in Sources */,
				0F896F4423F91D2A00A57776 /* Event.swift in Sources */,
				0F896F4623F91E9C00A57776 /* EventDataService.swift in Sources */,
				0F91CA45240BE40300B6E495 /* Comment.swift in Sources */,
				0F71EDD823EC77E0007B450A /* eWent.xcdatamodeld in Sources */,
				0F896F4023F9185500A57776 /* EventAddViewController.swift in Sources */,
				0F51717B23F5C7FF00FC9071 /* EventPostViewController.swift in Sources */,
				0FE3F1FB23FB05D80050C27D /* UserDefault+Extension.swift in Sources */,
				0FA4D735240B6B6400C786E5 /* OfflineViewController.swift in Sources */,
				0FA4D72E240B5CD100C786E5 /* ForgotPasswordProtocol.swift in Sources */,
				0FDDD0B3240657A500BA4863 /* RegisterProtocolHandler.swift in Sources */,
				0F62C38123ED370600A6AC19 /* UtilsApp.swift in Sources */,
				0FDDD0B524065F0100BA4863 /* LoginProtocolHandler.swift in Sources */,
				0F9D705B23EDC46A005722DF /* AppDelegate.swift in Sources */,
				0F51717623F5BFEF00FC9071 /* TabBarUIViewControllerExtention.swift in Sources */,
				0F985A2A240AD8C8008E7C60 /* Validators.swift in Sources */,
				0F19339523EF1ADB006ABFC3 /* UiViewExtention.swift in Sources */,
				0F91CA49240BED7F00B6E495 /* VideoViewcontroller.swift in Sources */,
				0F896F4E23F9857D00A57776 /* AuthDataService.swift in Sources */,
				0F19338823EF096E006ABFC3 /* AnimationController.swift in Sources */,
				0F8D039823F3E65400322010 /* ForgotPasswordVC.swift in Sources */,
				0F62C37523ED1C6B00A6AC19 /* Slide.swift in Sources */,
				0F985A20240964DF008E7C60 /* TableView.swift in Sources */,
				0F985A28240A94B6008E7C60 /* AuthViewModel.swift in Sources */,
				0F62C38423ED482000A6AC19 /* GetSliderInfo.swift in Sources */,
				0F19339823EF26C4006ABFC3 /* RegisterVC.swift in Sources */,
				0F896F4C23F9850200A57776 /* Register+ViewModel.swift in Sources */,
				0FDDD0B1240621F600BA4863 /* AlertViews.swift in Sources */,
				0F62C37E23ED350400A6AC19 /* NonTransitionNavigator.swift in Sources */,
				0F896F4823F9292A00A57776 /* AlertDialog.swift in Sources */,
				0F19338E23EF14DF006ABFC3 /* UiButtonCustom.swift in Sources */,
				0F118D9723FA71A0000D1DB8 /* SingleEventViewController.swift in Sources */,
				0F91CA43240BE13800B6E495 /* CommentCell.swift in Sources */,
				0FA4D72C240B098700C786E5 /* ViewProtocolHandler.swift in Sources */,
				0F896F5223FA437600A57776 /* SettingsViewController.swift in Sources */,
				0F985A152409248F008E7C60 /* FirebaseStorageService.swift in Sources */,
				0F8D039E23F3F27B00322010 /* CircularTransition.swift in Sources */,
				0F62C38723ED4C0F00A6AC19 /* SliderDataService.swift in Sources */,
				0FA4D730240B688000C786E5 /* NetworkReachability.swift in Sources */,
				0F19339023EF18ED006ABFC3 /* UITextFieldExtention.swift in Sources */,
				0F896F3B23F687EB00A57776 /* ProfileDataService.swift in Sources */,
				0F91CA4B240BEE9A00B6E495 /* VideoViewCell.swift in Sources */,
				0F19338B23EF0D66006ABFC3 /* LoginUIExtention.swift in Sources */,
				0F985A1C240947A2008E7C60 /* ProfileProtocolHandler.swift in Sources */,
				0F896F3523F683F700A57776 /* ProfileViewController.swift in Sources */,
				0F896F3923F6875B00A57776 /* FirebaseDataClient.swift in Sources */,
				0F118D9423FA56C3000D1DB8 /* EditEventViewController.swift in Sources */,
				0FDDD0AF2406202400BA4863 /* EventProtocolHandler.swift in Sources */,
				0F62C37B23ED31D800A6AC19 /* LoginVC.swift in Sources */,
				0F896F4223F91D1800A57776 /* Event+ViewModel.swift in Sources */,
				0F51717923F5C1B800FC9071 /* GuestureTabBar.swift in Sources */,
				0F896F4A23F9847400A57776 /* User.swift in Sources */,
			);
			runOnlyForDeploymentPostprocessing = 0;
		};
		0F71EDDF23EC77E2007B450A /* Sources */ = {
			isa = PBXSourcesBuildPhase;
			buildActionMask = 2147483647;
			files = (
				0F91CA52240C223500B6E495 /* EventTest.swift in Sources */,
				0F91CA50240C1F7B00B6E495 /* RegisterTest.swift in Sources */,
				0F9D705C23EDC46D005722DF /* eWentTests.swift in Sources */,
				0F91CA4E240C162200B6E495 /* LoginTest.swift in Sources */,
			);
			runOnlyForDeploymentPostprocessing = 0;
		};
		0F71EDEA23EC77E2007B450A /* Sources */ = {
			isa = PBXSourcesBuildPhase;
			buildActionMask = 2147483647;
			files = (
				0F9D705D23EDC470005722DF /* eWentUITests.swift in Sources */,
				0F91CA54240C2B2000B6E495 /* LoginUITest.swift in Sources */,
				0F91CA56240C32B900B6E495 /* AddEventUITest.swift in Sources */,
			);
			runOnlyForDeploymentPostprocessing = 0;
		};
/* End PBXSourcesBuildPhase section */

/* Begin PBXTargetDependency section */
		0F71EDE523EC77E2007B450A /* PBXTargetDependency */ = {
			isa = PBXTargetDependency;
			target = 0F71EDCB23EC77E0007B450A /* shashilaheshanCOBSCCOMP182P029eWent */;
			targetProxy = 0F71EDE423EC77E2007B450A /* PBXContainerItemProxy */;
		};
		0F71EDF023EC77E2007B450A /* PBXTargetDependency */ = {
			isa = PBXTargetDependency;
			target = 0F71EDCB23EC77E0007B450A /* shashilaheshanCOBSCCOMP182P029eWent */;
			targetProxy = 0F71EDEF23EC77E2007B450A /* PBXContainerItemProxy */;
		};
/* End PBXTargetDependency section */

/* Begin PBXVariantGroup section */
		0F71EDD323EC77E0007B450A /* Main.storyboard */ = {
			isa = PBXVariantGroup;
			children = (
				0F71EDD423EC77E0007B450A /* Base */,
			);
			name = Main.storyboard;
			sourceTree = "<group>";
		};
		0F71EDDB23EC77E2007B450A /* LaunchScreen.storyboard */ = {
			isa = PBXVariantGroup;
			children = (
				0F71EDDC23EC77E2007B450A /* Base */,
			);
			name = LaunchScreen.storyboard;
			sourceTree = "<group>";
		};
/* End PBXVariantGroup section */

/* Begin XCBuildConfiguration section */
		0F71EDF523EC77E2007B450A /* Debug */ = {
			isa = XCBuildConfiguration;
			buildSettings = {
				ALWAYS_SEARCH_USER_PATHS = NO;
				CLANG_ANALYZER_NONNULL = YES;
				CLANG_ANALYZER_NUMBER_OBJECT_CONVERSION = YES_AGGRESSIVE;
				CLANG_CXX_LANGUAGE_STANDARD = "gnu++14";
				CLANG_CXX_LIBRARY = "libc++";
				CLANG_ENABLE_MODULES = YES;
				CLANG_ENABLE_OBJC_ARC = YES;
				CLANG_ENABLE_OBJC_WEAK = YES;
				CLANG_WARN_BLOCK_CAPTURE_AUTORELEASING = YES;
				CLANG_WARN_BOOL_CONVERSION = YES;
				CLANG_WARN_COMMA = YES;
				CLANG_WARN_CONSTANT_CONVERSION = YES;
				CLANG_WARN_DEPRECATED_OBJC_IMPLEMENTATIONS = YES;
				CLANG_WARN_DIRECT_OBJC_ISA_USAGE = YES_ERROR;
				CLANG_WARN_DOCUMENTATION_COMMENTS = YES;
				CLANG_WARN_EMPTY_BODY = YES;
				CLANG_WARN_ENUM_CONVERSION = YES;
				CLANG_WARN_INFINITE_RECURSION = YES;
				CLANG_WARN_INT_CONVERSION = YES;
				CLANG_WARN_NON_LITERAL_NULL_CONVERSION = YES;
				CLANG_WARN_OBJC_IMPLICIT_RETAIN_SELF = YES;
				CLANG_WARN_OBJC_LITERAL_CONVERSION = YES;
				CLANG_WARN_OBJC_ROOT_CLASS = YES_ERROR;
				CLANG_WARN_RANGE_LOOP_ANALYSIS = YES;
				CLANG_WARN_STRICT_PROTOTYPES = YES;
				CLANG_WARN_SUSPICIOUS_MOVE = YES;
				CLANG_WARN_UNGUARDED_AVAILABILITY = YES_AGGRESSIVE;
				CLANG_WARN_UNREACHABLE_CODE = YES;
				CLANG_WARN__DUPLICATE_METHOD_MATCH = YES;
				CODE_SIGN_IDENTITY = "iPhone Developer";
				COPY_PHASE_STRIP = NO;
				DEBUG_INFORMATION_FORMAT = dwarf;
				ENABLE_STRICT_OBJC_MSGSEND = YES;
				ENABLE_TESTABILITY = YES;
				GCC_C_LANGUAGE_STANDARD = gnu11;
				GCC_DYNAMIC_NO_PIC = NO;
				GCC_NO_COMMON_BLOCKS = YES;
				GCC_OPTIMIZATION_LEVEL = 0;
				GCC_PREPROCESSOR_DEFINITIONS = (
					"DEBUG=1",
					"$(inherited)",
				);
				GCC_WARN_64_TO_32_BIT_CONVERSION = YES;
				GCC_WARN_ABOUT_RETURN_TYPE = YES_ERROR;
				GCC_WARN_UNDECLARED_SELECTOR = YES;
				GCC_WARN_UNINITIALIZED_AUTOS = YES_AGGRESSIVE;
				GCC_WARN_UNUSED_FUNCTION = YES;
				GCC_WARN_UNUSED_VARIABLE = YES;
				INFOPLIST_FILE = "shashila-heshan-COBSCCOMP182P029-eWent/info.plist";
				IPHONEOS_DEPLOYMENT_TARGET = 12.4;
				MTL_ENABLE_DEBUG_INFO = INCLUDE_SOURCE;
				MTL_FAST_MATH = YES;
				ONLY_ACTIVE_ARCH = YES;
				SDKROOT = iphoneos;
				SWIFT_ACTIVE_COMPILATION_CONDITIONS = DEBUG;
				SWIFT_OPTIMIZATION_LEVEL = "-Onone";
			};
			name = Debug;
		};
		0F71EDF623EC77E2007B450A /* Release */ = {
			isa = XCBuildConfiguration;
			buildSettings = {
				ALWAYS_SEARCH_USER_PATHS = NO;
				CLANG_ANALYZER_NONNULL = YES;
				CLANG_ANALYZER_NUMBER_OBJECT_CONVERSION = YES_AGGRESSIVE;
				CLANG_CXX_LANGUAGE_STANDARD = "gnu++14";
				CLANG_CXX_LIBRARY = "libc++";
				CLANG_ENABLE_MODULES = YES;
				CLANG_ENABLE_OBJC_ARC = YES;
				CLANG_ENABLE_OBJC_WEAK = YES;
				CLANG_WARN_BLOCK_CAPTURE_AUTORELEASING = YES;
				CLANG_WARN_BOOL_CONVERSION = YES;
				CLANG_WARN_COMMA = YES;
				CLANG_WARN_CONSTANT_CONVERSION = YES;
				CLANG_WARN_DEPRECATED_OBJC_IMPLEMENTATIONS = YES;
				CLANG_WARN_DIRECT_OBJC_ISA_USAGE = YES_ERROR;
				CLANG_WARN_DOCUMENTATION_COMMENTS = YES;
				CLANG_WARN_EMPTY_BODY = YES;
				CLANG_WARN_ENUM_CONVERSION = YES;
				CLANG_WARN_INFINITE_RECURSION = YES;
				CLANG_WARN_INT_CONVERSION = YES;
				CLANG_WARN_NON_LITERAL_NULL_CONVERSION = YES;
				CLANG_WARN_OBJC_IMPLICIT_RETAIN_SELF = YES;
				CLANG_WARN_OBJC_LITERAL_CONVERSION = YES;
				CLANG_WARN_OBJC_ROOT_CLASS = YES_ERROR;
				CLANG_WARN_RANGE_LOOP_ANALYSIS = YES;
				CLANG_WARN_STRICT_PROTOTYPES = YES;
				CLANG_WARN_SUSPICIOUS_MOVE = YES;
				CLANG_WARN_UNGUARDED_AVAILABILITY = YES_AGGRESSIVE;
				CLANG_WARN_UNREACHABLE_CODE = YES;
				CLANG_WARN__DUPLICATE_METHOD_MATCH = YES;
				CODE_SIGN_IDENTITY = "iPhone Developer";
				COPY_PHASE_STRIP = NO;
				DEBUG_INFORMATION_FORMAT = "dwarf-with-dsym";
				ENABLE_NS_ASSERTIONS = NO;
				ENABLE_STRICT_OBJC_MSGSEND = YES;
				GCC_C_LANGUAGE_STANDARD = gnu11;
				GCC_NO_COMMON_BLOCKS = YES;
				GCC_WARN_64_TO_32_BIT_CONVERSION = YES;
				GCC_WARN_ABOUT_RETURN_TYPE = YES_ERROR;
				GCC_WARN_UNDECLARED_SELECTOR = YES;
				GCC_WARN_UNINITIALIZED_AUTOS = YES_AGGRESSIVE;
				GCC_WARN_UNUSED_FUNCTION = YES;
				GCC_WARN_UNUSED_VARIABLE = YES;
				INFOPLIST_FILE = "shashila-heshan-COBSCCOMP182P029-eWent/info.plist";
				IPHONEOS_DEPLOYMENT_TARGET = 12.4;
				MTL_ENABLE_DEBUG_INFO = NO;
				MTL_FAST_MATH = YES;
				SDKROOT = iphoneos;
				SWIFT_COMPILATION_MODE = wholemodule;
				SWIFT_OPTIMIZATION_LEVEL = "-O";
				VALIDATE_PRODUCT = YES;
			};
			name = Release;
		};
		0F71EDF823EC77E2007B450A /* Debug */ = {
			isa = XCBuildConfiguration;
			baseConfigurationReference = 9B0E51809E5B24BE040217E4 /* Pods-shashilaheshanCOBSCCOMP182P029eWent.debug.xcconfig */;
			buildSettings = {
				ASSETCATALOG_COMPILER_APPICON_NAME = AppIcon;
				CODE_SIGN_IDENTITY = "iPhone Developer";
				CODE_SIGN_STYLE = Automatic;
				DEVELOPMENT_TEAM = KG2AF9T859;
				INFOPLIST_FILE = "$(SRCROOT)/shashilaheshanCOBSCCOMP182P029eWent/Info.plist";
				IPHONEOS_DEPLOYMENT_TARGET = 11.4;
				LD_RUNPATH_SEARCH_PATHS = (
					"$(inherited)",
					"@executable_path/Frameworks",
				);
				PRODUCT_BUNDLE_IDENTIFIER = coventry.eWent;
				PRODUCT_NAME = "$(TARGET_NAME)";
				SWIFT_VERSION = 5.0;
				TARGETED_DEVICE_FAMILY = "1,2";
			};
			name = Debug;
		};
		0F71EDF923EC77E2007B450A /* Release */ = {
			isa = XCBuildConfiguration;
			baseConfigurationReference = 239CBC5B56A6B8ABFCDB6514 /* Pods-shashilaheshanCOBSCCOMP182P029eWent.release.xcconfig */;
			buildSettings = {
				ASSETCATALOG_COMPILER_APPICON_NAME = AppIcon;
				CODE_SIGN_IDENTITY = "iPhone Developer";
				CODE_SIGN_STYLE = Automatic;
				DEVELOPMENT_TEAM = KG2AF9T859;
				INFOPLIST_FILE = "$(SRCROOT)/shashilaheshanCOBSCCOMP182P029eWent/Info.plist";
				IPHONEOS_DEPLOYMENT_TARGET = 11.4;
				LD_RUNPATH_SEARCH_PATHS = (
					"$(inherited)",
					"@executable_path/Frameworks",
				);
				PRODUCT_BUNDLE_IDENTIFIER = coventry.eWent;
				PRODUCT_NAME = "$(TARGET_NAME)";
				SWIFT_VERSION = 5.0;
				TARGETED_DEVICE_FAMILY = "1,2";
			};
			name = Release;
		};
		0F71EDFB23EC77E2007B450A /* Debug */ = {
			isa = XCBuildConfiguration;
			baseConfigurationReference = 064987E07D60B0A14C1EF259 /* Pods-shashilaheshanCOBSCCOMP182P029eWentTests.debug.xcconfig */;
			buildSettings = {
				ALWAYS_EMBED_SWIFT_STANDARD_LIBRARIES = YES;
				BUNDLE_LOADER = "$(TEST_HOST)";
				CODE_SIGN_STYLE = Automatic;
				DEVELOPMENT_TEAM = KG2AF9T859;
				INFOPLIST_FILE = shashilaheshanCOBSCCOMP182P029eWentTests/Info.plist;
				LD_RUNPATH_SEARCH_PATHS = (
					"$(inherited)",
					"@executable_path/Frameworks",
					"@loader_path/Frameworks",
				);
				PRODUCT_BUNDLE_IDENTIFIER = coventry.eWentTests;
				PRODUCT_NAME = "$(TARGET_NAME)";
				SWIFT_VERSION = 5.0;
				TARGETED_DEVICE_FAMILY = "1,2";
				TEST_HOST = "$(BUILT_PRODUCTS_DIR)/shashilaheshanCOBSCCOMP182P029eWent.app/shashilaheshanCOBSCCOMP182P029eWent";
			};
			name = Debug;
		};
		0F71EDFC23EC77E2007B450A /* Release */ = {
			isa = XCBuildConfiguration;
			baseConfigurationReference = DE4913CD0C4E442732E79165 /* Pods-shashilaheshanCOBSCCOMP182P029eWentTests.release.xcconfig */;
			buildSettings = {
				ALWAYS_EMBED_SWIFT_STANDARD_LIBRARIES = YES;
				BUNDLE_LOADER = "$(TEST_HOST)";
				CODE_SIGN_STYLE = Automatic;
				DEVELOPMENT_TEAM = KG2AF9T859;
				INFOPLIST_FILE = shashilaheshanCOBSCCOMP182P029eWentTests/Info.plist;
				LD_RUNPATH_SEARCH_PATHS = (
					"$(inherited)",
					"@executable_path/Frameworks",
					"@loader_path/Frameworks",
				);
				PRODUCT_BUNDLE_IDENTIFIER = coventry.eWentTests;
				PRODUCT_NAME = "$(TARGET_NAME)";
				SWIFT_VERSION = 5.0;
				TARGETED_DEVICE_FAMILY = "1,2";
				TEST_HOST = "$(BUILT_PRODUCTS_DIR)/shashilaheshanCOBSCCOMP182P029eWent.app/shashilaheshanCOBSCCOMP182P029eWent";
			};
			name = Release;
		};
		0F71EDFE23EC77E2007B450A /* Debug */ = {
			isa = XCBuildConfiguration;
			baseConfigurationReference = D90D74BD42BCC275DA257792 /* Pods-shashilaheshanCOBSCCOMP182P029eWent-shashilaheshanCOBSCCOMP182P029eWentUITests.debug.xcconfig */;
			buildSettings = {
				ALWAYS_EMBED_SWIFT_STANDARD_LIBRARIES = NO;
				CODE_SIGN_STYLE = Automatic;
				DEVELOPMENT_TEAM = KG2AF9T859;
				INFOPLIST_FILE = shashilaheshanCOBSCCOMP182P029eWentUITests/Info.plist;
				LD_RUNPATH_SEARCH_PATHS = (
					"$(inherited)",
					"@executable_path/Frameworks",
					"@loader_path/Frameworks",
				);
				PRODUCT_BUNDLE_IDENTIFIER = coventry.eWentUITests;
				PRODUCT_NAME = "$(TARGET_NAME)";
				SWIFT_VERSION = 5.0;
				TARGETED_DEVICE_FAMILY = "1,2";
				TEST_TARGET_NAME = shashilaheshanCOBSCCOMP182P029eWent;
			};
			name = Debug;
		};
		0F71EDFF23EC77E2007B450A /* Release */ = {
			isa = XCBuildConfiguration;
			baseConfigurationReference = EBFBE71CBCF900180C93EBFD /* Pods-shashilaheshanCOBSCCOMP182P029eWent-shashilaheshanCOBSCCOMP182P029eWentUITests.release.xcconfig */;
			buildSettings = {
				ALWAYS_EMBED_SWIFT_STANDARD_LIBRARIES = NO;
				CODE_SIGN_STYLE = Automatic;
				DEVELOPMENT_TEAM = KG2AF9T859;
				INFOPLIST_FILE = shashilaheshanCOBSCCOMP182P029eWentUITests/Info.plist;
				LD_RUNPATH_SEARCH_PATHS = (
					"$(inherited)",
					"@executable_path/Frameworks",
					"@loader_path/Frameworks",
				);
				PRODUCT_BUNDLE_IDENTIFIER = coventry.eWentUITests;
				PRODUCT_NAME = "$(TARGET_NAME)";
				SWIFT_VERSION = 5.0;
				TARGETED_DEVICE_FAMILY = "1,2";
				TEST_TARGET_NAME = shashilaheshanCOBSCCOMP182P029eWent;
			};
			name = Release;
		};
/* End XCBuildConfiguration section */

/* Begin XCConfigurationList section */
		0F71EDC723EC77E0007B450A /* Build configuration list for PBXProject "shashilaheshanCOBSCCOMP182P029eWent" */ = {
			isa = XCConfigurationList;
			buildConfigurations = (
				0F71EDF523EC77E2007B450A /* Debug */,
				0F71EDF623EC77E2007B450A /* Release */,
			);
			defaultConfigurationIsVisible = 0;
			defaultConfigurationName = Release;
		};
		0F71EDF723EC77E2007B450A /* Build configuration list for PBXNativeTarget "shashilaheshanCOBSCCOMP182P029eWent" */ = {
			isa = XCConfigurationList;
			buildConfigurations = (
				0F71EDF823EC77E2007B450A /* Debug */,
				0F71EDF923EC77E2007B450A /* Release */,
			);
			defaultConfigurationIsVisible = 0;
			defaultConfigurationName = Release;
		};
		0F71EDFA23EC77E2007B450A /* Build configuration list for PBXNativeTarget "shashilaheshanCOBSCCOMP182P029eWentTests" */ = {
			isa = XCConfigurationList;
			buildConfigurations = (
				0F71EDFB23EC77E2007B450A /* Debug */,
				0F71EDFC23EC77E2007B450A /* Release */,
			);
			defaultConfigurationIsVisible = 0;
			defaultConfigurationName = Release;
		};
		0F71EDFD23EC77E2007B450A /* Build configuration list for PBXNativeTarget "shashilaheshanCOBSCCOMP182P029eWentUITests" */ = {
			isa = XCConfigurationList;
			buildConfigurations = (
				0F71EDFE23EC77E2007B450A /* Debug */,
				0F71EDFF23EC77E2007B450A /* Release */,
			);
			defaultConfigurationIsVisible = 0;
			defaultConfigurationName = Release;
		};
/* End XCConfigurationList section */

/* Begin XCVersionGroup section */
		0F71EDD623EC77E0007B450A /* eWent.xcdatamodeld */ = {
			isa = XCVersionGroup;
			children = (
				0F71EDD723EC77E0007B450A /* eWent.xcdatamodel */,
			);
			currentVersion = 0F71EDD723EC77E0007B450A /* eWent.xcdatamodel */;
			path = eWent.xcdatamodeld;
			sourceTree = "<group>";
			versionGroupType = wrapper.xcdatamodel;
		};
/* End XCVersionGroup section */
	};
	rootObject = 0F71EDC423EC77E0007B450A /* Project object */;
}
