PODS:
  - Kingfisher (5.10.1):
    - Kingfisher/Core (= 5.10.1)
  - Kingfisher/Core (5.10.1)
  - lottie-ios (3.1.5)

DEPENDENCIES:
  - Kingfisher (~> 5.0)
  - lottie-ios

SPEC REPOS:
  https://github.com/cocoapods/specs.git:
    - Kingfisher
    - lottie-ios

SPEC CHECKSUMS:
  Kingfisher: eb36b7dfcc78d60877051c92c119a2865972961a
  lottie-ios: 32bf84389337d86fbc8b12266e88452e0abf1dee

PODFILE CHECKSUM: 2461f01217589a2e48a0d242785198eb822ad43a

COCOAPODS: 1.6.1
